<?xml version="1.0" encoding="utf-8"?>
<Project ToolsVersion="4.0" xmlns="http://schemas.microsoft.com/developer/msbuild/2003">
  <ItemGroup>
    <Filter Include="resources">
      <UniqueIdentifier>{67DA6AB6-F800-4c08-8B7A-83BB121AAD01}</UniqueIdentifier>
      <Extensions>rc;ico;cur;bmp;dlg;rc2;rct;bin;rgs;gif;jpg;jpeg;jpe;resx;tiff;tif;png;wav;mfcribbon-ms</Extensions>
    </Filter>
    <Filter Include="cepac">
      <UniqueIdentifier>{175b3fb6-8638-4693-82ce-3c7bb97bce1b}</UniqueIdentifier>
    </Filter>
    <Filter Include="util">
      <UniqueIdentifier>{5626c565-de51-43d6-b99f-cb59a9150623}</UniqueIdentifier>
    </Filter>
    <Filter Include="util\ticpp">
      <UniqueIdentifier>{bccfad17-2aee-467d-9ebd-26f94d936544}</UniqueIdentifier>
    </Filter>
    <Filter Include="util\rand">
      <UniqueIdentifier>{1f7ebe1e-121d-4a96-baad-c57990097a24}</UniqueIdentifier>
    </Filter>
    <Filter Include="cepacbridge">
      <UniqueIdentifier>{924152ab-6afb-4a6c-85aa-03048203a278}</UniqueIdentifier>
    </Filter>
    <Filter Include="data">
      <UniqueIdentifier>{a13d7a5b-a3cd-4be2-b6dd-8f41e978dfb0}</UniqueIdentifier>
    </Filter>
    <Filter Include="entities">
      <UniqueIdentifier>{6ea43861-32ee-4f51-9184-3d7bbe0979b4}</UniqueIdentifier>
    </Filter>
    <Filter Include="entities\behaviors">
      <UniqueIdentifier>{4090fba8-e21c-43b1-adb9-3898c1074d68}</UniqueIdentifier>
    </Filter>
    <Filter Include="entities\classifiers">
      <UniqueIdentifier>{f9e3f456-c612-4236-b9d7-d3ea0eff9bbe}</UniqueIdentifier>
    </Filter>
    <Filter Include="entities\entitypool">
      <UniqueIdentifier>{1f16d187-a93a-4ab8-919b-3cf55f51ea69}</UniqueIdentifier>
    </Filter>
    <Filter Include="entities\entitypool\bucket">
      <UniqueIdentifier>{e56d64ba-2bef-4595-b9b7-4563960a888b}</UniqueIdentifier>
    </Filter>
    <Filter Include="graphviz">
      <UniqueIdentifier>{7f4ea407-8e99-4c6d-be94-f61284e74d22}</UniqueIdentifier>
    </Filter>
    <Filter Include="gui">
      <UniqueIdentifier>{ba33fbf9-fe15-4797-b0f0-2a3ee7f2325d}</UniqueIdentifier>
    </Filter>
    <Filter Include="gui\dialogs">
      <UniqueIdentifier>{f2726062-850e-445a-91e9-ef46eb969355}</UniqueIdentifier>
    </Filter>
    <Filter Include="gui\widgets">
      <UniqueIdentifier>{3d8267d5-312d-48a2-8bd5-8ef43ba302d5}</UniqueIdentifier>
    </Filter>
    <Filter Include="statistics">
      <UniqueIdentifier>{944f5319-3a90-46c3-b795-8176ca52e987}</UniqueIdentifier>
    </Filter>
  </ItemGroup>
  <ItemGroup>
    <ClInclude Include="..\..\source\Constants.h" />
    <ClInclude Include="..\..\source\Population.h" />
    <ClInclude Include="..\..\source\PopulationParams.h" />
    <ClInclude Include="..\..\source\Sim.h" />
    <ClInclude Include="..\..\source\util\Util.h">
      <Filter>util</Filter>
    </ClInclude>
    <ClInclude Include="..\..\source\util\XMLUtil.h">
      <Filter>util</Filter>
    </ClInclude>
    <ClInclude Include="..\..\source\util\ticpp\ticpp.h">
      <Filter>util\ticpp</Filter>
    </ClInclude>
    <ClInclude Include="..\..\source\util\ticpp\ticpprc.h">
      <Filter>util\ticpp</Filter>
    </ClInclude>
    <ClInclude Include="..\..\source\util\ticpp\tinystr.h">
      <Filter>util\ticpp</Filter>
    </ClInclude>
    <ClInclude Include="..\..\source\util\ticpp\tinyxml.h">
      <Filter>util\ticpp</Filter>
    </ClInclude>
    <ClInclude Include="..\..\source\util\rand\Distributions.h">
      <Filter>util\rand</Filter>
    </ClInclude>
    <ClInclude Include="..\..\source\util\rand\IsaacRand.h">
      <Filter>util\rand</Filter>
    </ClInclude>
    <ClInclude Include="..\..\source\util\rand\RandomNums.h">
      <Filter>util\rand</Filter>
    </ClInclude>
    <ClInclude Include="..\..\source\statistics\CostsTracker.h">
      <Filter>statistics</Filter>
    </ClInclude>
    <ClInclude Include="..\..\source\statistics\InfectionsTracker.h">
      <Filter>statistics</Filter>
    </ClInclude>
    <ClInclude Include="..\..\source\statistics\PopStats.h">
      <Filter>statistics</Filter>
    </ClInclude>
    <ClInclude Include="..\..\source\statistics\StatsRecord.h">
      <Filter>statistics</Filter>
    </ClInclude>
    <ClInclude Include="..\..\source\statistics\TransmissionSummaryStats.h">
      <Filter>statistics</Filter>
    </ClInclude>
    <ClInclude Include="..\..\source\gui\main.h">
      <Filter>gui</Filter>
    </ClInclude>
    <ClInclude Include="..\..\source\gui\DisplayBox.h">
      <Filter>gui</Filter>
    </ClInclude>
    <ClInclude Include="..\..\source\gui\widgets\statusWidget.h">
      <Filter>gui\widgets</Filter>
    </ClInclude>
    <ClInclude Include="..\..\source\gui\widgets\verticalStatusWidget.h">
      <Filter>gui\widgets</Filter>
    </ClInclude>
    <ClInclude Include="..\..\source\gui\dialogs\SetupBatchStatsDialog.h">
      <Filter>gui\dialogs</Filter>
    </ClInclude>
    <ClInclude Include="..\..\source\graphviz\graphVizParse.h">
      <Filter>graphviz</Filter>
    </ClInclude>
    <ClInclude Include="..\..\source\entities\Female.h">
      <Filter>entities</Filter>
    </ClInclude>
    <ClInclude Include="..\..\source\entities\Male.h">
      <Filter>entities</Filter>
    </ClInclude>
    <ClInclude Include="..\..\source\entities\Person.h">
      <Filter>entities</Filter>
    </ClInclude>
    <ClInclude Include="..\..\source\entities\entitypool\EntityPool.h">
      <Filter>entities\entitypool</Filter>
    </ClInclude>
    <ClInclude Include="..\..\source\entities\entitypool\bucket\BucketAge.h">
      <Filter>entities\entitypool\bucket</Filter>
    </ClInclude>
    <ClInclude Include="..\..\source\entities\entitypool\bucket\BucketSexualMixing.h">
      <Filter>entities\entitypool\bucket</Filter>
    </ClInclude>
    <ClInclude Include="..\..\source\entities\entitypool\bucket\DmgProfileBucket.h">
      <Filter>entities\entitypool\bucket</Filter>
    </ClInclude>
    <ClInclude Include="..\..\source\entities\entitypool\bucket\EntityIndex.h">
      <Filter>entities\entitypool\bucket</Filter>
    </ClInclude>
    <ClInclude Include="..\..\source\entities\entitypool\bucket\FullVector.h">
      <Filter>entities\entitypool\bucket</Filter>
    </ClInclude>
    <ClInclude Include="..\..\source\entities\classifiers\DmgProfile.h">
      <Filter>entities\classifiers</Filter>
    </ClInclude>
    <ClInclude Include="..\..\source\entities\classifiers\SexualPartnership.h">
      <Filter>entities\classifiers</Filter>
    </ClInclude>
    <ClInclude Include="..\..\source\entities\behaviors\SexualBehaviorParams.h">
      <Filter>entities\behaviors</Filter>
    </ClInclude>
    <ClInclude Include="..\..\source\data\Enum.h">
      <Filter>data</Filter>
    </ClInclude>
    <ClInclude Include="..\..\source\data\EventParams.h">
      <Filter>data</Filter>
    </ClInclude>
    <ClInclude Include="..\..\source\cepacbridge\cepac_api.h">
      <Filter>cepacbridge</Filter>
    </ClInclude>
    <ClInclude Include="..\..\source\cepacbridge\ParseCepacInput.h">
      <Filter>cepacbridge</Filter>
    </ClInclude>
    <ClInclude Include="..\..\source\cepac\AcuteOIUpdater.h">
      <Filter>cepac</Filter>
    </ClInclude>
    <ClInclude Include="..\..\source\cepac\BeginMonthUpdater.h">
      <Filter>cepac</Filter>
    </ClInclude>
    <ClInclude Include="..\..\source\cepac\BehaviorUpdater.h">
      <Filter>cepac</Filter>
    </ClInclude>
    <ClInclude Include="..\..\source\cepac\CD4HVLUpdater.h">
      <Filter>cepac</Filter>
    </ClInclude>
    <ClInclude Include="..\..\source\cepac\CD4TestUpdater.h">
      <Filter>cepac</Filter>
    </ClInclude>
    <ClInclude Include="..\..\source\cepac\CepacUtil.h">
      <Filter>cepac</Filter>
    </ClInclude>
    <ClInclude Include="..\..\source\cepac\CHRMsUpdater.h">
      <Filter>cepac</Filter>
    </ClInclude>
    <ClInclude Include="..\..\source\cepac\ClinicVisitUpdater.h">
      <Filter>cepac</Filter>
    </ClInclude>
    <ClInclude Include="..\..\source\cepac\DrugEfficacyUpdater.h">
      <Filter>cepac</Filter>
    </ClInclude>
    <ClInclude Include="..\..\source\cepac\DrugToxicityUpdater.h">
      <Filter>cepac</Filter>
    </ClInclude>
    <ClInclude Include="..\..\source\cepac\EndMonthUpdater.h">
      <Filter>cepac</Filter>
    </ClInclude>
    <ClInclude Include="..\..\source\cepac\HIVInfectionUpdater.h">
      <Filter>cepac</Filter>
    </ClInclude>
    <ClInclude Include="..\..\source\cepac\HIVTestingUpdater.h">
      <Filter>cepac</Filter>
    </ClInclude>
    <ClInclude Include="..\..\source\cepac\HVLTestUpdater.h">
      <Filter>cepac</Filter>
    </ClInclude>
    <ClInclude Include="..\..\source\cepac\include.h">
      <Filter>cepac</Filter>
    </ClInclude>
    <ClInclude Include="..\..\source\cepac\MortalityUpdater.h">
      <Filter>cepac</Filter>
    </ClInclude>
    <ClInclude Include="..\..\source\cepac\mtrand.h">
      <Filter>cepac</Filter>
    </ClInclude>
    <ClInclude Include="..\..\source\cepac\Patient.h">
      <Filter>cepac</Filter>
    </ClInclude>
    <ClInclude Include="..\..\source\cepac\Resource.h">
      <Filter>cepac</Filter>
    </ClInclude>
    <ClInclude Include="..\..\source\cepac\RunStats.h">
      <Filter>cepac</Filter>
    </ClInclude>
    <ClInclude Include="..\..\source\cepac\SimContext.h">
      <Filter>cepac</Filter>
    </ClInclude>
    <ClInclude Include="..\..\source\cepac\StateUpdater.h">
      <Filter>cepac</Filter>
    </ClInclude>
    <ClInclude Include="..\..\source\cepac\SummaryStats.h">
      <Filter>cepac</Filter>
    </ClInclude>
    <ClInclude Include="..\..\source\cepac\TBDiseaseUpdater.h">
      <Filter>cepac</Filter>
    </ClInclude>
    <ClInclude Include="..\..\source\cepac\Tracer.h">
      <Filter>cepac</Filter>
    </ClInclude>
    <ClInclude Include="..\..\resources\resource.h">
      <Filter>resources</Filter>
    </ClInclude>
  </ItemGroup>
  <ItemGroup>
    <ClCompile Include="..\..\source\Constants.cpp" />
    <ClCompile Include="..\..\source\Population.cpp" />
    <ClCompile Include="..\..\source\PopulationParams.cpp" />
    <ClCompile Include="..\..\source\Sim.cpp" />
    <ClCompile Include="..\..\source\util\Util.cpp">
      <Filter>util</Filter>
    </ClCompile>
    <ClCompile Include="..\..\source\util\ticpp\ticpp.cpp">
      <Filter>util\ticpp</Filter>
    </ClCompile>
    <ClCompile Include="..\..\source\util\ticpp\tinystr.cpp">
      <Filter>util\ticpp</Filter>
    </ClCompile>
    <ClCompile Include="..\..\source\util\ticpp\tinyxml.cpp">
      <Filter>util\ticpp</Filter>
    </ClCompile>
    <ClCompile Include="..\..\source\util\ticpp\tinyxmlerror.cpp">
      <Filter>util\ticpp</Filter>
    </ClCompile>
    <ClCompile Include="..\..\source\util\ticpp\tinyxmlparser.cpp">
      <Filter>util\ticpp</Filter>
    </ClCompile>
    <ClCompile Include="..\..\source\util\rand\RandomNums.cpp">
      <Filter>util\rand</Filter>
    </ClCompile>
    <ClCompile Include="..\..\source\statistics\CostsTracker.cpp">
      <Filter>statistics</Filter>
    </ClCompile>
    <ClCompile Include="..\..\source\statistics\InfectionsTracker.cpp">
      <Filter>statistics</Filter>
    </ClCompile>
    <ClCompile Include="..\..\source\statistics\PopStats.cpp">
      <Filter>statistics</Filter>
    </ClCompile>
    <ClCompile Include="..\..\source\statistics\TransmissionSummaryStats.cpp">
      <Filter>statistics</Filter>
    </ClCompile>
    <ClCompile Include="..\..\source\gui\DisplayBox.cpp">
      <Filter>gui</Filter>
    </ClCompile>
    <ClCompile Include="..\..\source\gui\main.cpp">
      <Filter>gui</Filter>
    </ClCompile>
    <ClCompile Include="..\..\source\gui\widgets\verticalStatusWidget.cpp">
      <Filter>gui\widgets</Filter>
    </ClCompile>
    <ClCompile Include="..\..\source\gui\widgets\statusWidget.cpp">
      <Filter>gui\widgets</Filter>
    </ClCompile>
    <ClCompile Include="..\..\source\gui\dialogs\SetupBatchStatsDialog.cpp">
      <Filter>gui\dialogs</Filter>
    </ClCompile>
    <ClCompile Include="..\..\source\graphviz\graphVizParse.cpp">
      <Filter>graphviz</Filter>
    </ClCompile>
    <ClCompile Include="..\..\source\entities\Female.cpp">
      <Filter>entities</Filter>
    </ClCompile>
    <ClCompile Include="..\..\source\entities\Male.cpp">
      <Filter>entities</Filter>
    </ClCompile>
    <ClCompile Include="..\..\source\entities\Person.cpp">
      <Filter>entities</Filter>
    </ClCompile>
    <ClCompile Include="..\..\source\entities\entitypool\EntityPool.cpp">
      <Filter>entities\entitypool</Filter>
    </ClCompile>
    <ClCompile Include="..\..\source\entities\entitypool\bucket\BucketAge.cpp">
      <Filter>entities\entitypool\bucket</Filter>
    </ClCompile>
    <ClCompile Include="..\..\source\entities\entitypool\bucket\BucketSexualMixing.cpp">
      <Filter>entities\entitypool\bucket</Filter>
    </ClCompile>
    <ClCompile Include="..\..\source\entities\entitypool\bucket\DmgProfileBucket.cpp">
      <Filter>entities\entitypool\bucket</Filter>
    </ClCompile>
    <ClCompile Include="..\..\source\entities\entitypool\bucket\FullVector.cpp">
      <Filter>entities\entitypool\bucket</Filter>
    </ClCompile>
    <ClCompile Include="..\..\source\entities\classifiers\DmgProfile.cpp">
      <Filter>entities\classifiers</Filter>
    </ClCompile>
    <ClCompile Include="..\..\source\entities\classifiers\SexualPartnership.cpp">
      <Filter>entities\classifiers</Filter>
    </ClCompile>
    <ClCompile Include="..\..\source\entities\behaviors\SexualBehaviorParams.cpp">
      <Filter>entities\behaviors</Filter>
    </ClCompile>
    <ClCompile Include="..\..\source\data\Enum.cpp">
      <Filter>data</Filter>
    </ClCompile>
    <ClCompile Include="..\..\source\cepacbridge\cepac_api.cpp">
      <Filter>cepacbridge</Filter>
    </ClCompile>
    <ClCompile Include="..\..\source\cepacbridge\ParseCepacInput.cpp">
      <Filter>cepacbridge</Filter>
    </ClCompile>
    <ClCompile Include="..\..\source\cepac\RunStats.cpp">
      <Filter>cepac</Filter>
    </ClCompile>
    <ClCompile Include="..\..\source\cepac\SimContext.cpp">
      <Filter>cepac</Filter>
    </ClCompile>
    <ClCompile Include="..\..\source\cepac\StateUpdater.cpp">
      <Filter>cepac</Filter>
    </ClCompile>
    <ClCompile Include="..\..\source\cepac\SummaryStats.cpp">
      <Filter>cepac</Filter>
    </ClCompile>
    <ClCompile Include="..\..\source\cepac\TBDiseaseUpdater.cpp">
      <Filter>cepac</Filter>
    </ClCompile>
    <ClCompile Include="..\..\source\cepac\Tracer.cpp">
      <Filter>cepac</Filter>
    </ClCompile>
    <ClCompile Include="..\..\source\cepac\AcuteOIUpdater.cpp">
      <Filter>cepac</Filter>
    </ClCompile>
    <ClCompile Include="..\..\source\cepac\BeginMonthUpdater.cpp">
      <Filter>cepac</Filter>
    </ClCompile>
    <ClCompile Include="..\..\source\cepac\BehaviorUpdater.cpp">
      <Filter>cepac</Filter>
    </ClCompile>
    <ClCompile Include="..\..\source\cepac\CD4HVLUpdater.cpp">
      <Filter>cepac</Filter>
    </ClCompile>
    <ClCompile Include="..\..\source\cepac\CD4TestUpdater.cpp">
      <Filter>cepac</Filter>
    </ClCompile>
    <ClCompile Include="..\..\source\cepac\CepacUtil.cpp">
      <Filter>cepac</Filter>
    </ClCompile>
    <ClCompile Include="..\..\source\cepac\CHRMsUpdater.cpp">
      <Filter>cepac</Filter>
    </ClCompile>
    <ClCompile Include="..\..\source\cepac\ClinicVisitUpdater.cpp">
      <Filter>cepac</Filter>
    </ClCompile>
    <ClCompile Include="..\..\source\cepac\DrugEfficacyUpdater.cpp">
      <Filter>cepac</Filter>
    </ClCompile>
    <ClCompile Include="..\..\source\cepac\DrugToxicityUpdater.cpp">
      <Filter>cepac</Filter>
    </ClCompile>
    <ClCompile Include="..\..\source\cepac\EndMonthUpdater.cpp">
      <Filter>cepac</Filter>
    </ClCompile>
    <ClCompile Include="..\..\source\cepac\HIVInfectionUpdater.cpp">
      <Filter>cepac</Filter>
    </ClCompile>
    <ClCompile Include="..\..\source\cepac\HIVTestingUpdater.cpp">
      <Filter>cepac</Filter>
    </ClCompile>
    <ClCompile Include="..\..\source\cepac\HVLTestUpdater.cpp">
      <Filter>cepac</Filter>
    </ClCompile>
    <ClCompile Include="..\..\source\cepac\MortalityUpdater.cpp">
      <Filter>cepac</Filter>
    </ClCompile>
    <ClCompile Include="..\..\source\cepac\mtrand.cpp">
      <Filter>cepac</Filter>
    </ClCompile>
    <ClCompile Include="..\..\source\cepac\Patient.cpp">
      <Filter>cepac</Filter>
    </ClCompile>
  </ItemGroup>
  <ItemGroup>
    <ResourceCompile Include="..\..\resources\resource.rc">
      <Filter>resources</Filter>
    </ResourceCompile>
  </ItemGroup>
</Project>