
Microsoft Visual Studio Solution File, Format Version 11.00
# Visual C++ Express 2010
Project("{8BC9CEB8-8B4A-11D0-8D11-00A0C91BC942}") = "transm", "transm\transm.vcxproj", "{05C9E4D0-0FB8-4284-B88B-89D00552E5A7}"
EndProject
Project("{8BC9CEB8-8B4A-11D0-8D11-00A0C91BC942}") = "transm.test", "transm.test\transm.test.vcxproj", "{BFB8E91A-DE8D-4974-B183-DFDC1EDD1612}"
EndProject
Project("{8BC9CEB8-8B4A-11D0-8D11-00A0C91BC942}") = "cepac", "cepac\cepac.vcxproj", "{3B490AB1-9E38-4C64-A551-B65337A312BF}"
EndProject
Project("{8BC9CEB8-8B4A-11D0-8D11-00A0C91BC942}") = "transm.gui", "transm.gui\transm.gui.vcxproj", "{BA5519B1-1FEA-43B7-872F-BD147A259422}"
EndProject
Global
	GlobalSection(SolutionConfigurationPlatforms) = preSolution
		Debug|Win32 = Debug|Win32
		Release|Win32 = Release|Win32
		Test|Win32 = Test|Win32
	EndGlobalSection
	GlobalSection(ProjectConfigurationPlatforms) = postSolution
		{05C9E4D0-0FB8-4284-B88B-89D00552E5A7}.Debug|Win32.ActiveCfg = Debug|Win32
		{05C9E4D0-0FB8-4284-B88B-89D00552E5A7}.Debug|Win32.Build.0 = Debug|Win32
		{05C9E4D0-0FB8-4284-B88B-89D00552E5A7}.Release|Win32.ActiveCfg = Release|Win32
		{05C9E4D0-0FB8-4284-B88B-89D00552E5A7}.Release|Win32.Build.0 = Release|Win32
		{05C9E4D0-0FB8-4284-B88B-89D00552E5A7}.Test|Win32.ActiveCfg = Test|Win32
		{05C9E4D0-0FB8-4284-B88B-89D00552E5A7}.Test|Win32.Build.0 = Test|Win32
		{BFB8E91A-DE8D-4974-B183-DFDC1EDD1612}.Debug|Win32.ActiveCfg = Debug|Win32
		{BFB8E91A-DE8D-4974-B183-DFDC1EDD1612}.Release|Win32.ActiveCfg = Release|Win32
		{BFB8E91A-DE8D-4974-B183-DFDC1EDD1612}.Test|Win32.ActiveCfg = Test|Win32
		{BFB8E91A-DE8D-4974-B183-DFDC1EDD1612}.Test|Win32.Build.0 = Test|Win32
		{3B490AB1-9E38-4C64-A551-B65337A312BF}.Debug|Win32.ActiveCfg = Debug|Win32
		{3B490AB1-9E38-4C64-A551-B65337A312BF}.Debug|Win32.Build.0 = Debug|Win32
		{3B490AB1-9E38-4C64-A551-B65337A312BF}.Release|Win32.ActiveCfg = Release|Win32
		{3B490AB1-9E38-4C64-A551-B65337A312BF}.Release|Win32.Build.0 = Release|Win32
		{3B490AB1-9E38-4C64-A551-B65337A312BF}.Test|Win32.ActiveCfg = Release|Win32
		{3B490AB1-9E38-4C64-A551-B65337A312BF}.Test|Win32.Build.0 = Release|Win32
		{BA5519B1-1FEA-43B7-872F-BD147A259422}.Debug|Win32.ActiveCfg = Debug|Win32
		{BA5519B1-1FEA-43B7-872F-BD147A259422}.Debug|Win32.Build.0 = Debug|Win32
		{BA5519B1-1FEA-43B7-872F-BD147A259422}.Release|Win32.ActiveCfg = Release|Win32
		{BA5519B1-1FEA-43B7-872F-BD147A259422}.Release|Win32.Build.0 = Release|Win32
		{BA5519B1-1FEA-43B7-872F-BD147A259422}.Test|Win32.ActiveCfg = Release|Win32
		{BA5519B1-1FEA-43B7-872F-BD147A259422}.Test|Win32.Build.0 = Release|Win32
	EndGlobalSection
	GlobalSection(SolutionProperties) = preSolution
		HideSolutionNode = FALSE
	EndGlobalSection
EndGlobal
