<?xml version="1.0" encoding="utf-8"?>
<Project ToolsVersion="4.0" xmlns="http://schemas.microsoft.com/developer/msbuild/2003">
  <ItemGroup>
    <ClInclude Include="..\..\..\source\tests\PopulationTestSuite.h" />
    <ClInclude Include="..\..\..\source\tests\RandTestSuite.h" />
    <ClInclude Include="..\..\..\source\tests\SimContextTestSuite.h" />
    <ClInclude Include="..\..\..\source\tests\SimTestSuite.h" />
    <ClInclude Include="..\..\..\source\tests\UtilTestSuite.h" />
    <ClInclude Include="..\..\..\source\tests\XmlUtilTestSuite.h" />
    <ClInclude Include="..\..\..\source\tests\CepacUtilTestSuite.h" />
    <ClInclude Include="..\..\..\source\tests\CostsTrackerTestSuite.h" />
    <ClInclude Include="..\..\..\source\tests\EntityPoolTestSuite.h" />
    <ClInclude Include="..\..\..\source\tests\FemaleTestSuite.h" />
    <ClInclude Include="..\..\..\source\tests\InfectionsTrackerTestSuite.h" />
    <ClInclude Include="..\..\..\source\tests\MaleTestSuite.h" />
    <ClInclude Include="..\..\..\source\tests\PatientTestSuite.h" />
    <ClInclude Include="..\..\..\source\tests\PersonTestSuite.h" />
  </ItemGroup>
  <ItemGroup>
    <ClCompile Include="..\..\..\source\tests\all-tests-autogen.cpp" />
  </ItemGroup>
</Project>