// !$*UTF8*$!
{
	archiveVersion = 1;
	classes = {
	};
	objectVersion = 46;
	objects = {

/* Begin PBXBuildFile section */
		E939A2C818A150FB00525631 /* main.cpp in Sources */ = {isa = PBXBuildFile; fileRef = E939A2C718A150FB00525631 /* main.cpp */; };
		E939A35F18A1517A00525631 /* AcuteOIUpdater.cpp in Sources */ = {isa = PBXBuildFile; fileRef = E939A2CA18A1517A00525631 /* AcuteOIUpdater.cpp */; };
		E939A36018A1517A00525631 /* BeginMonthUpdater.cpp in Sources */ = {isa = PBXBuildFile; fileRef = E939A2CC18A1517A00525631 /* BeginMonthUpdater.cpp */; };
		E939A36118A1517A00525631 /* BehaviorUpdater.cpp in Sources */ = {isa = PBXBuildFile; fileRef = E939A2CE18A1517A00525631 /* BehaviorUpdater.cpp */; };
		E939A36218A1517A00525631 /* CD4HVLUpdater.cpp in Sources */ = {isa = PBXBuildFile; fileRef = E939A2D018A1517A00525631 /* CD4HVLUpdater.cpp */; };
		E939A36318A1517A00525631 /* CD4TestUpdater.cpp in Sources */ = {isa = PBXBuildFile; fileRef = E939A2D218A1517A00525631 /* CD4TestUpdater.cpp */; };
		E939A36418A1517A00525631 /* CepacUtil.cpp in Sources */ = {isa = PBXBuildFile; fileRef = E939A2D418A1517A00525631 /* CepacUtil.cpp */; };
		E939A36518A1517A00525631 /* CHRMsUpdater.cpp in Sources */ = {isa = PBXBuildFile; fileRef = E939A2D618A1517A00525631 /* CHRMsUpdater.cpp */; };
		E939A36618A1517A00525631 /* ClinicVisitUpdater.cpp in Sources */ = {isa = PBXBuildFile; fileRef = E939A2D818A1517A00525631 /* ClinicVisitUpdater.cpp */; };
		E939A36718A1517A00525631 /* DrugEfficacyUpdater.cpp in Sources */ = {isa = PBXBuildFile; fileRef = E939A2DA18A1517A00525631 /* DrugEfficacyUpdater.cpp */; };
		E939A36818A1517A00525631 /* DrugToxicityUpdater.cpp in Sources */ = {isa = PBXBuildFile; fileRef = E939A2DC18A1517A00525631 /* DrugToxicityUpdater.cpp */; };
		E939A36918A1517A00525631 /* EndMonthUpdater.cpp in Sources */ = {isa = PBXBuildFile; fileRef = E939A2DE18A1517A00525631 /* EndMonthUpdater.cpp */; };
		E939A36A18A1517A00525631 /* HIVInfectionUpdater.cpp in Sources */ = {isa = PBXBuildFile; fileRef = E939A2E018A1517A00525631 /* HIVInfectionUpdater.cpp */; };
		E939A36B18A1517A00525631 /* HIVTestingUpdater.cpp in Sources */ = {isa = PBXBuildFile; fileRef = E939A2E218A1517A00525631 /* HIVTestingUpdater.cpp */; };
		E939A36C18A1517A00525631 /* HVLTestUpdater.cpp in Sources */ = {isa = PBXBuildFile; fileRef = E939A2E418A1517A00525631 /* HVLTestUpdater.cpp */; };
		E939A36D18A1517A00525631 /* MortalityUpdater.cpp in Sources */ = {isa = PBXBuildFile; fileRef = E939A2E718A1517A00525631 /* MortalityUpdater.cpp */; };
		E939A36E18A1517A00525631 /* mtrand.cpp in Sources */ = {isa = PBXBuildFile; fileRef = E939A2E918A1517A00525631 /* mtrand.cpp */; };
		E939A36F18A1517A00525631 /* Patient.cpp in Sources */ = {isa = PBXBuildFile; fileRef = E939A2EB18A1517A00525631 /* Patient.cpp */; };
		E939A37018A1517A00525631 /* RunStats.cpp in Sources */ = {isa = PBXBuildFile; fileRef = E939A2EE18A1517A00525631 /* RunStats.cpp */; };
		E939A37118A1517A00525631 /* SimContext.cpp in Sources */ = {isa = PBXBuildFile; fileRef = E939A2F018A1517A00525631 /* SimContext.cpp */; };
		E939A37218A1517A00525631 /* StateUpdater.cpp in Sources */ = {isa = PBXBuildFile; fileRef = E939A2F218A1517A00525631 /* StateUpdater.cpp */; };
		E939A37318A1517A00525631 /* SummaryStats.cpp in Sources */ = {isa = PBXBuildFile; fileRef = E939A2F418A1517A00525631 /* SummaryStats.cpp */; };
		E939A37418A1517A00525631 /* TBDiseaseUpdater.cpp in Sources */ = {isa = PBXBuildFile; fileRef = E939A2F618A1517A00525631 /* TBDiseaseUpdater.cpp */; };
		E939A37518A1517A00525631 /* Tracer.cpp in Sources */ = {isa = PBXBuildFile; fileRef = E939A2F818A1517A00525631 /* Tracer.cpp */; };
		E939A37618A1517A00525631 /* ParseCepacInput.cpp in Sources */ = {isa = PBXBuildFile; fileRef = E939A2FB18A1517A00525631 /* ParseCepacInput.cpp */; };
		E939A37718A1517A00525631 /* Constants.cpp in Sources */ = {isa = PBXBuildFile; fileRef = E939A2FD18A1517A00525631 /* Constants.cpp */; };
		E939A37818A1517A00525631 /* Enum.cpp in Sources */ = {isa = PBXBuildFile; fileRef = E939A30018A1517A00525631 /* Enum.cpp */; };
		E939A37918A1517A00525631 /* SexualBehaviorParams.cpp in Sources */ = {isa = PBXBuildFile; fileRef = E939A30618A1517A00525631 /* SexualBehaviorParams.cpp */; };
		E939A37A18A1517A00525631 /* DmgProfile.cpp in Sources */ = {isa = PBXBuildFile; fileRef = E939A30918A1517A00525631 /* DmgProfile.cpp */; };
		E939A37B18A1517A00525631 /* SexualPartnership.cpp in Sources */ = {isa = PBXBuildFile; fileRef = E939A30B18A1517A00525631 /* SexualPartnership.cpp */; };
		E939A37C18A1517A00525631 /* BucketAge.cpp in Sources */ = {isa = PBXBuildFile; fileRef = E939A30F18A1517A00525631 /* BucketAge.cpp */; };
		E939A37D18A1517A00525631 /* BucketSexualMixing.cpp in Sources */ = {isa = PBXBuildFile; fileRef = E939A31118A1517A00525631 /* BucketSexualMixing.cpp */; };
		E939A37E18A1517A00525631 /* DmgProfileBucket.cpp in Sources */ = {isa = PBXBuildFile; fileRef = E939A31318A1517A00525631 /* DmgProfileBucket.cpp */; };
		E939A37F18A1517A00525631 /* FullVector.cpp in Sources */ = {isa = PBXBuildFile; fileRef = E939A31618A1517A00525631 /* FullVector.cpp */; };
		E939A38018A1517A00525631 /* EntityPool.cpp in Sources */ = {isa = PBXBuildFile; fileRef = E939A31818A1517A00525631 /* EntityPool.cpp */; };
		E939A38118A1517A00525631 /* Female.cpp in Sources */ = {isa = PBXBuildFile; fileRef = E939A31A18A1517A00525631 /* Female.cpp */; };
		E939A38218A1517A00525631 /* Male.cpp in Sources */ = {isa = PBXBuildFile; fileRef = E939A31C18A1517A00525631 /* Male.cpp */; };
		E939A38318A1517A00525631 /* Person.cpp in Sources */ = {isa = PBXBuildFile; fileRef = E939A31E18A1517A00525631 /* Person.cpp */; };
		E939A38418A1517A00525631 /* graphVizParse.cpp in Sources */ = {isa = PBXBuildFile; fileRef = E939A32118A1517A00525631 /* graphVizParse.cpp */; };
		E939A38A18A1517A00525631 /* Population.cpp in Sources */ = {isa = PBXBuildFile; fileRef = E939A33118A1517A00525631 /* Population.cpp */; };
		E939A38B18A1517A00525631 /* PopulationParams.cpp in Sources */ = {isa = PBXBuildFile; fileRef = E939A33318A1517A00525631 /* PopulationParams.cpp */; };
		E939A38C18A1517A00525631 /* Sim.cpp in Sources */ = {isa = PBXBuildFile; fileRef = E939A33518A1517A00525631 /* Sim.cpp */; };
		E939A38D18A1517A00525631 /* ArtRolloutTracker.cpp in Sources */ = {isa = PBXBuildFile; fileRef = E939A33818A1517A00525631 /* ArtRolloutTracker.cpp */; };
		E939A38E18A1517A00525631 /* BucketCounter.cpp in Sources */ = {isa = PBXBuildFile; fileRef = E939A33B18A1517A00525631 /* BucketCounter.cpp */; };
		E939A38F18A1517A00525631 /* CostsTracker.cpp in Sources */ = {isa = PBXBuildFile; fileRef = E939A33D18A1517A00525631 /* CostsTracker.cpp */; };
		E939A39018A1517A00525631 /* InfectionsTracker.cpp in Sources */ = {isa = PBXBuildFile; fileRef = E939A33F18A1517A00525631 /* InfectionsTracker.cpp */; };
		E939A39118A1517A00525631 /* PopStats.cpp in Sources */ = {isa = PBXBuildFile; fileRef = E939A34218A1517A00525631 /* PopStats.cpp */; };
		E939A39218A1517A00525631 /* TabularOutput.cpp in Sources */ = {isa = PBXBuildFile; fileRef = E939A34518A1517A00525631 /* TabularOutput.cpp */; };
		E939A39318A1517A00525631 /* TransmissionSummaryStats.cpp in Sources */ = {isa = PBXBuildFile; fileRef = E939A34718A1517A00525631 /* TransmissionSummaryStats.cpp */; };
		E939A39418A1517A00525631 /* RandomNums.cpp in Sources */ = {isa = PBXBuildFile; fileRef = E939A34D18A1517A00525631 /* RandomNums.cpp */; };
		E939A39618A1517A00525631 /* ticpp.cpp in Sources */ = {isa = PBXBuildFile; fileRef = E939A35218A1517A00525631 /* ticpp.cpp */; };
		E939A39718A1517A00525631 /* tinystr.cpp in Sources */ = {isa = PBXBuildFile; fileRef = E939A35518A1517A00525631 /* tinystr.cpp */; };
		E939A39818A1517A00525631 /* tinyxml.cpp in Sources */ = {isa = PBXBuildFile; fileRef = E939A35718A1517A00525631 /* tinyxml.cpp */; };
		E939A39918A1517A00525631 /* tinyxmlerror.cpp in Sources */ = {isa = PBXBuildFile; fileRef = E939A35918A1517A00525631 /* tinyxmlerror.cpp */; };
		E939A39A18A1517A00525631 /* tinyxmlparser.cpp in Sources */ = {isa = PBXBuildFile; fileRef = E939A35A18A1517A00525631 /* tinyxmlparser.cpp */; };
		E939A39B18A1517A00525631 /* Util.cpp in Sources */ = {isa = PBXBuildFile; fileRef = E939A35C18A1517A00525631 /* Util.cpp */; };
/* End PBXBuildFile section */

/* Begin PBXCopyFilesBuildPhase section */
		E910905518A14D7F008BA558 /* CopyFiles */ = {
			isa = PBXCopyFilesBuildPhase;
			buildActionMask = 2147483647;
			dstPath = /usr/share/man/man1/;
			dstSubfolderSpec = 0;
			files = (
			);
			runOnlyForDeploymentPostprocessing = 1;
		};
/* End PBXCopyFilesBuildPhase section */

/* Begin PBXFileReference section */
		E910905718A14D7F008BA558 /* transm */ = {isa = PBXFileReference; explicitFileType = "compiled.mach-o.executable"; includeInIndex = 0; path = transm; sourceTree = BUILT_PRODUCTS_DIR; };
		E939A2C718A150FB00525631 /* main.cpp */ = {isa = PBXFileReference; fileEncoding = 4; lastKnownFileType = sourcecode.cpp.cpp; name = main.cpp; path = ../../../source/main.cpp; sourceTree = "<group>"; };
		E939A2CA18A1517A00525631 /* AcuteOIUpdater.cpp */ = {isa = PBXFileReference; fileEncoding = 4; lastKnownFileType = sourcecode.cpp.cpp; path = AcuteOIUpdater.cpp; sourceTree = "<group>"; };
		E939A2CB18A1517A00525631 /* AcuteOIUpdater.h */ = {isa = PBXFileReference; fileEncoding = 4; lastKnownFileType = sourcecode.c.h; path = AcuteOIUpdater.h; sourceTree = "<group>"; };
		E939A2CC18A1517A00525631 /* BeginMonthUpdater.cpp */ = {isa = PBXFileReference; fileEncoding = 4; lastKnownFileType = sourcecode.cpp.cpp; path = BeginMonthUpdater.cpp; sourceTree = "<group>"; };
		E939A2CD18A1517A00525631 /* BeginMonthUpdater.h */ = {isa = PBXFileReference; fileEncoding = 4; lastKnownFileType = sourcecode.c.h; path = BeginMonthUpdater.h; sourceTree = "<group>"; };
		E939A2CE18A1517A00525631 /* BehaviorUpdater.cpp */ = {isa = PBXFileReference; fileEncoding = 4; lastKnownFileType = sourcecode.cpp.cpp; path = BehaviorUpdater.cpp; sourceTree = "<group>"; };
		E939A2CF18A1517A00525631 /* BehaviorUpdater.h */ = {isa = PBXFileReference; fileEncoding = 4; lastKnownFileType = sourcecode.c.h; path = BehaviorUpdater.h; sourceTree = "<group>"; };
		E939A2D018A1517A00525631 /* CD4HVLUpdater.cpp */ = {isa = PBXFileReference; fileEncoding = 4; lastKnownFileType = sourcecode.cpp.cpp; path = CD4HVLUpdater.cpp; sourceTree = "<group>"; };
		E939A2D118A1517A00525631 /* CD4HVLUpdater.h */ = {isa = PBXFileReference; fileEncoding = 4; lastKnownFileType = sourcecode.c.h; path = CD4HVLUpdater.h; sourceTree = "<group>"; };
		E939A2D218A1517A00525631 /* CD4TestUpdater.cpp */ = {isa = PBXFileReference; fileEncoding = 4; lastKnownFileType = sourcecode.cpp.cpp; path = CD4TestUpdater.cpp; sourceTree = "<group>"; };
		E939A2D318A1517A00525631 /* CD4TestUpdater.h */ = {isa = PBXFileReference; fileEncoding = 4; lastKnownFileType = sourcecode.c.h; path = CD4TestUpdater.h; sourceTree = "<group>"; };
		E939A2D418A1517A00525631 /* CepacUtil.cpp */ = {isa = PBXFileReference; fileEncoding = 4; lastKnownFileType = sourcecode.cpp.cpp; path = CepacUtil.cpp; sourceTree = "<group>"; };
		E939A2D518A1517A00525631 /* CepacUtil.h */ = {isa = PBXFileReference; fileEncoding = 4; lastKnownFileType = sourcecode.c.h; path = CepacUtil.h; sourceTree = "<group>"; };
		E939A2D618A1517A00525631 /* CHRMsUpdater.cpp */ = {isa = PBXFileReference; fileEncoding = 4; lastKnownFileType = sourcecode.cpp.cpp; path = CHRMsUpdater.cpp; sourceTree = "<group>"; };
		E939A2D718A1517A00525631 /* CHRMsUpdater.h */ = {isa = PBXFileReference; fileEncoding = 4; lastKnownFileType = sourcecode.c.h; path = CHRMsUpdater.h; sourceTree = "<group>"; };
		E939A2D818A1517A00525631 /* ClinicVisitUpdater.cpp */ = {isa = PBXFileReference; fileEncoding = 4; lastKnownFileType = sourcecode.cpp.cpp; path = ClinicVisitUpdater.cpp; sourceTree = "<group>"; };
		E939A2D918A1517A00525631 /* ClinicVisitUpdater.h */ = {isa = PBXFileReference; fileEncoding = 4; lastKnownFileType = sourcecode.c.h; path = ClinicVisitUpdater.h; sourceTree = "<group>"; };
		E939A2DA18A1517A00525631 /* DrugEfficacyUpdater.cpp */ = {isa = PBXFileReference; fileEncoding = 4; lastKnownFileType = sourcecode.cpp.cpp; path = DrugEfficacyUpdater.cpp; sourceTree = "<group>"; };
		E939A2DB18A1517A00525631 /* DrugEfficacyUpdater.h */ = {isa = PBXFileReference; fileEncoding = 4; lastKnownFileType = sourcecode.c.h; path = DrugEfficacyUpdater.h; sourceTree = "<group>"; };
		E939A2DC18A1517A00525631 /* DrugToxicityUpdater.cpp */ = {isa = PBXFileReference; fileEncoding = 4; lastKnownFileType = sourcecode.cpp.cpp; path = DrugToxicityUpdater.cpp; sourceTree = "<group>"; };
		E939A2DD18A1517A00525631 /* DrugToxicityUpdater.h */ = {isa = PBXFileReference; fileEncoding = 4; lastKnownFileType = sourcecode.c.h; path = DrugToxicityUpdater.h; sourceTree = "<group>"; };
		E939A2DE18A1517A00525631 /* EndMonthUpdater.cpp */ = {isa = PBXFileReference; fileEncoding = 4; lastKnownFileType = sourcecode.cpp.cpp; path = EndMonthUpdater.cpp; sourceTree = "<group>"; };
		E939A2DF18A1517A00525631 /* EndMonthUpdater.h */ = {isa = PBXFileReference; fileEncoding = 4; lastKnownFileType = sourcecode.c.h; path = EndMonthUpdater.h; sourceTree = "<group>"; };
		E939A2E018A1517A00525631 /* HIVInfectionUpdater.cpp */ = {isa = PBXFileReference; fileEncoding = 4; lastKnownFileType = sourcecode.cpp.cpp; path = HIVInfectionUpdater.cpp; sourceTree = "<group>"; };
		E939A2E118A1517A00525631 /* HIVInfectionUpdater.h */ = {isa = PBXFileReference; fileEncoding = 4; lastKnownFileType = sourcecode.c.h; path = HIVInfectionUpdater.h; sourceTree = "<group>"; };
		E939A2E218A1517A00525631 /* HIVTestingUpdater.cpp */ = {isa = PBXFileReference; fileEncoding = 4; lastKnownFileType = sourcecode.cpp.cpp; path = HIVTestingUpdater.cpp; sourceTree = "<group>"; };
		E939A2E318A1517A00525631 /* HIVTestingUpdater.h */ = {isa = PBXFileReference; fileEncoding = 4; lastKnownFileType = sourcecode.c.h; path = HIVTestingUpdater.h; sourceTree = "<group>"; };
		E939A2E418A1517A00525631 /* HVLTestUpdater.cpp */ = {isa = PBXFileReference; fileEncoding = 4; lastKnownFileType = sourcecode.cpp.cpp; path = HVLTestUpdater.cpp; sourceTree = "<group>"; };
		E939A2E518A1517A00525631 /* HVLTestUpdater.h */ = {isa = PBXFileReference; fileEncoding = 4; lastKnownFileType = sourcecode.c.h; path = HVLTestUpdater.h; sourceTree = "<group>"; };
		E939A2E618A1517A00525631 /* include.h */ = {isa = PBXFileReference; fileEncoding = 4; lastKnownFileType = sourcecode.c.h; path = include.h; sourceTree = "<group>"; };
		E939A2E718A1517A00525631 /* MortalityUpdater.cpp */ = {isa = PBXFileReference; fileEncoding = 4; lastKnownFileType = sourcecode.cpp.cpp; path = MortalityUpdater.cpp; sourceTree = "<group>"; };
		E939A2E818A1517A00525631 /* MortalityUpdater.h */ = {isa = PBXFileReference; fileEncoding = 4; lastKnownFileType = sourcecode.c.h; path = MortalityUpdater.h; sourceTree = "<group>"; };
		E939A2E918A1517A00525631 /* mtrand.cpp */ = {isa = PBXFileReference; fileEncoding = 4; lastKnownFileType = sourcecode.cpp.cpp; path = mtrand.cpp; sourceTree = "<group>"; };
		E939A2EA18A1517A00525631 /* mtrand.h */ = {isa = PBXFileReference; fileEncoding = 4; lastKnownFileType = sourcecode.c.h; path = mtrand.h; sourceTree = "<group>"; };
		E939A2EB18A1517A00525631 /* Patient.cpp */ = {isa = PBXFileReference; fileEncoding = 4; lastKnownFileType = sourcecode.cpp.cpp; path = Patient.cpp; sourceTree = "<group>"; };
		E939A2EC18A1517A00525631 /* Patient.h */ = {isa = PBXFileReference; fileEncoding = 4; lastKnownFileType = sourcecode.c.h; path = Patient.h; sourceTree = "<group>"; };
		E939A2ED18A1517A00525631 /* Resource.h */ = {isa = PBXFileReference; fileEncoding = 4; lastKnownFileType = sourcecode.c.h; path = Resource.h; sourceTree = "<group>"; };
		E939A2EE18A1517A00525631 /* RunStats.cpp */ = {isa = PBXFileReference; fileEncoding = 4; lastKnownFileType = sourcecode.cpp.cpp; path = RunStats.cpp; sourceTree = "<group>"; };
		E939A2EF18A1517A00525631 /* RunStats.h */ = {isa = PBXFileReference; fileEncoding = 4; lastKnownFileType = sourcecode.c.h; path = RunStats.h; sourceTree = "<group>"; };
		E939A2F018A1517A00525631 /* SimContext.cpp */ = {isa = PBXFileReference; fileEncoding = 4; lastKnownFileType = sourcecode.cpp.cpp; path = SimContext.cpp; sourceTree = "<group>"; };
		E939A2F118A1517A00525631 /* SimContext.h */ = {isa = PBXFileReference; fileEncoding = 4; lastKnownFileType = sourcecode.c.h; path = SimContext.h; sourceTree = "<group>"; };
		E939A2F218A1517A00525631 /* StateUpdater.cpp */ = {isa = PBXFileReference; fileEncoding = 4; lastKnownFileType = sourcecode.cpp.cpp; path = StateUpdater.cpp; sourceTree = "<group>"; };
		E939A2F318A1517A00525631 /* StateUpdater.h */ = {isa = PBXFileReference; fileEncoding = 4; lastKnownFileType = sourcecode.c.h; path = StateUpdater.h; sourceTree = "<group>"; };
		E939A2F418A1517A00525631 /* SummaryStats.cpp */ = {isa = PBXFileReference; fileEncoding = 4; lastKnownFileType = sourcecode.cpp.cpp; path = SummaryStats.cpp; sourceTree = "<group>"; };
		E939A2F518A1517A00525631 /* SummaryStats.h */ = {isa = PBXFileReference; fileEncoding = 4; lastKnownFileType = sourcecode.c.h; path = SummaryStats.h; sourceTree = "<group>"; };
		E939A2F618A1517A00525631 /* TBDiseaseUpdater.cpp */ = {isa = PBXFileReference; fileEncoding = 4; lastKnownFileType = sourcecode.cpp.cpp; path = TBDiseaseUpdater.cpp; sourceTree = "<group>"; };
		E939A2F718A1517A00525631 /* TBDiseaseUpdater.h */ = {isa = PBXFileReference; fileEncoding = 4; lastKnownFileType = sourcecode.c.h; path = TBDiseaseUpdater.h; sourceTree = "<group>"; };
		E939A2F818A1517A00525631 /* Tracer.cpp */ = {isa = PBXFileReference; fileEncoding = 4; lastKnownFileType = sourcecode.cpp.cpp; path = Tracer.cpp; sourceTree = "<group>"; };
		E939A2F918A1517A00525631 /* Tracer.h */ = {isa = PBXFileReference; fileEncoding = 4; lastKnownFileType = sourcecode.c.h; path = Tracer.h; sourceTree = "<group>"; };
		E939A2FB18A1517A00525631 /* ParseCepacInput.cpp */ = {isa = PBXFileReference; fileEncoding = 4; lastKnownFileType = sourcecode.cpp.cpp; path = ParseCepacInput.cpp; sourceTree = "<group>"; };
		E939A2FC18A1517A00525631 /* ParseCepacInput.h */ = {isa = PBXFileReference; fileEncoding = 4; lastKnownFileType = sourcecode.c.h; path = ParseCepacInput.h; sourceTree = "<group>"; };
		E939A2FD18A1517A00525631 /* Constants.cpp */ = {isa = PBXFileReference; fileEncoding = 4; lastKnownFileType = sourcecode.cpp.cpp; name = Constants.cpp; path = ../../../source/Constants.cpp; sourceTree = "<group>"; };
		E939A2FE18A1517A00525631 /* Constants.h */ = {isa = PBXFileReference; fileEncoding = 4; lastKnownFileType = sourcecode.c.h; name = Constants.h; path = ../../../source/Constants.h; sourceTree = "<group>"; };
		E939A30018A1517A00525631 /* Enum.cpp */ = {isa = PBXFileReference; fileEncoding = 4; lastKnownFileType = sourcecode.cpp.cpp; path = Enum.cpp; sourceTree = "<group>"; };
		E939A30118A1517A00525631 /* Enum.h */ = {isa = PBXFileReference; fileEncoding = 4; lastKnownFileType = sourcecode.c.h; path = Enum.h; sourceTree = "<group>"; };
		E939A30218A1517A00525631 /* EventParams.h */ = {isa = PBXFileReference; fileEncoding = 4; lastKnownFileType = sourcecode.c.h; path = EventParams.h; sourceTree = "<group>"; };
		E939A30318A1517A00525631 /* README.txt */ = {isa = PBXFileReference; fileEncoding = 4; lastKnownFileType = text; path = README.txt; sourceTree = "<group>"; };
		E939A30618A1517A00525631 /* SexualBehaviorParams.cpp */ = {isa = PBXFileReference; fileEncoding = 4; lastKnownFileType = sourcecode.cpp.cpp; path = SexualBehaviorParams.cpp; sourceTree = "<group>"; };
		E939A30718A1517A00525631 /* SexualBehaviorParams.h */ = {isa = PBXFileReference; fileEncoding = 4; lastKnownFileType = sourcecode.c.h; path = SexualBehaviorParams.h; sourceTree = "<group>"; };
		E939A30918A1517A00525631 /* DmgProfile.cpp */ = {isa = PBXFileReference; fileEncoding = 4; lastKnownFileType = sourcecode.cpp.cpp; path = DmgProfile.cpp; sourceTree = "<group>"; };
		E939A30A18A1517A00525631 /* DmgProfile.h */ = {isa = PBXFileReference; fileEncoding = 4; lastKnownFileType = sourcecode.c.h; path = DmgProfile.h; sourceTree = "<group>"; };
		E939A30B18A1517A00525631 /* SexualPartnership.cpp */ = {isa = PBXFileReference; fileEncoding = 4; lastKnownFileType = sourcecode.cpp.cpp; path = SexualPartnership.cpp; sourceTree = "<group>"; };
		E939A30C18A1517A00525631 /* SexualPartnership.h */ = {isa = PBXFileReference; fileEncoding = 4; lastKnownFileType = sourcecode.c.h; path = SexualPartnership.h; sourceTree = "<group>"; };
		E939A30F18A1517A00525631 /* BucketAge.cpp */ = {isa = PBXFileReference; fileEncoding = 4; lastKnownFileType = sourcecode.cpp.cpp; path = BucketAge.cpp; sourceTree = "<group>"; };
		E939A31018A1517A00525631 /* BucketAge.h */ = {isa = PBXFileReference; fileEncoding = 4; lastKnownFileType = sourcecode.c.h; path = BucketAge.h; sourceTree = "<group>"; };
		E939A31118A1517A00525631 /* BucketSexualMixing.cpp */ = {isa = PBXFileReference; fileEncoding = 4; lastKnownFileType = sourcecode.cpp.cpp; path = BucketSexualMixing.cpp; sourceTree = "<group>"; };
		E939A31218A1517A00525631 /* BucketSexualMixing.h */ = {isa = PBXFileReference; fileEncoding = 4; lastKnownFileType = sourcecode.c.h; path = BucketSexualMixing.h; sourceTree = "<group>"; };
		E939A31318A1517A00525631 /* DmgProfileBucket.cpp */ = {isa = PBXFileReference; fileEncoding = 4; lastKnownFileType = sourcecode.cpp.cpp; path = DmgProfileBucket.cpp; sourceTree = "<group>"; };
		E939A31418A1517A00525631 /* DmgProfileBucket.h */ = {isa = PBXFileReference; fileEncoding = 4; lastKnownFileType = sourcecode.c.h; path = DmgProfileBucket.h; sourceTree = "<group>"; };
		E939A31518A1517A00525631 /* EntityIndex.h */ = {isa = PBXFileReference; fileEncoding = 4; lastKnownFileType = sourcecode.c.h; path = EntityIndex.h; sourceTree = "<group>"; };
		E939A31618A1517A00525631 /* FullVector.cpp */ = {isa = PBXFileReference; fileEncoding = 4; lastKnownFileType = sourcecode.cpp.cpp; path = FullVector.cpp; sourceTree = "<group>"; };
		E939A31718A1517A00525631 /* FullVector.h */ = {isa = PBXFileReference; fileEncoding = 4; lastKnownFileType = sourcecode.c.h; path = FullVector.h; sourceTree = "<group>"; };
		E939A31818A1517A00525631 /* EntityPool.cpp */ = {isa = PBXFileReference; fileEncoding = 4; lastKnownFileType = sourcecode.cpp.cpp; path = EntityPool.cpp; sourceTree = "<group>"; };
		E939A31918A1517A00525631 /* EntityPool.h */ = {isa = PBXFileReference; fileEncoding = 4; lastKnownFileType = sourcecode.c.h; path = EntityPool.h; sourceTree = "<group>"; };
		E939A31A18A1517A00525631 /* Female.cpp */ = {isa = PBXFileReference; fileEncoding = 4; lastKnownFileType = sourcecode.cpp.cpp; path = Female.cpp; sourceTree = "<group>"; };
		E939A31B18A1517A00525631 /* Female.h */ = {isa = PBXFileReference; fileEncoding = 4; lastKnownFileType = sourcecode.c.h; path = Female.h; sourceTree = "<group>"; };
		E939A31C18A1517A00525631 /* Male.cpp */ = {isa = PBXFileReference; fileEncoding = 4; lastKnownFileType = sourcecode.cpp.cpp; path = Male.cpp; sourceTree = "<group>"; };
		E939A31D18A1517A00525631 /* Male.h */ = {isa = PBXFileReference; fileEncoding = 4; lastKnownFileType = sourcecode.c.h; path = Male.h; sourceTree = "<group>"; };
		E939A31E18A1517A00525631 /* Person.cpp */ = {isa = PBXFileReference; fileEncoding = 4; lastKnownFileType = sourcecode.cpp.cpp; path = Person.cpp; sourceTree = "<group>"; };
		E939A31F18A1517A00525631 /* Person.h */ = {isa = PBXFileReference; fileEncoding = 4; lastKnownFileType = sourcecode.c.h; path = Person.h; sourceTree = "<group>"; };
		E939A32118A1517A00525631 /* graphVizParse.cpp */ = {isa = PBXFileReference; fileEncoding = 4; lastKnownFileType = sourcecode.cpp.cpp; path = graphVizParse.cpp; sourceTree = "<group>"; };
		E939A32218A1517A00525631 /* graphVizParse.h */ = {isa = PBXFileReference; fileEncoding = 4; lastKnownFileType = sourcecode.c.h; path = graphVizParse.h; sourceTree = "<group>"; };
		E939A33118A1517A00525631 /* Population.cpp */ = {isa = PBXFileReference; fileEncoding = 4; lastKnownFileType = sourcecode.cpp.cpp; name = Population.cpp; path = ../../../source/Population.cpp; sourceTree = "<group>"; };
		E939A33218A1517A00525631 /* Population.h */ = {isa = PBXFileReference; fileEncoding = 4; lastKnownFileType = sourcecode.c.h; name = Population.h; path = ../../../source/Population.h; sourceTree = "<group>"; };
		E939A33318A1517A00525631 /* PopulationParams.cpp */ = {isa = PBXFileReference; fileEncoding = 4; lastKnownFileType = sourcecode.cpp.cpp; name = PopulationParams.cpp; path = ../../../source/PopulationParams.cpp; sourceTree = "<group>"; };
		E939A33418A1517A00525631 /* PopulationParams.h */ = {isa = PBXFileReference; fileEncoding = 4; lastKnownFileType = sourcecode.c.h; name = PopulationParams.h; path = ../../../source/PopulationParams.h; sourceTree = "<group>"; };
		E939A33518A1517A00525631 /* Sim.cpp */ = {isa = PBXFileReference; fileEncoding = 4; lastKnownFileType = sourcecode.cpp.cpp; name = Sim.cpp; path = ../../../source/Sim.cpp; sourceTree = "<group>"; };
		E939A33618A1517A00525631 /* Sim.h */ = {isa = PBXFileReference; fileEncoding = 4; lastKnownFileType = sourcecode.c.h; name = Sim.h; path = ../../../source/Sim.h; sourceTree = "<group>"; };
		E939A33818A1517A00525631 /* ArtRolloutTracker.cpp */ = {isa = PBXFileReference; fileEncoding = 4; lastKnownFileType = sourcecode.cpp.cpp; path = ArtRolloutTracker.cpp; sourceTree = "<group>"; };
		E939A33918A1517A00525631 /* ArtRolloutTracker.h */ = {isa = PBXFileReference; fileEncoding = 4; lastKnownFileType = sourcecode.c.h; path = ArtRolloutTracker.h; sourceTree = "<group>"; };
		E939A33A18A1517A00525631 /* Bucket.h */ = {isa = PBXFileReference; fileEncoding = 4; lastKnownFileType = sourcecode.c.h; path = Bucket.h; sourceTree = "<group>"; };
		E939A33B18A1517A00525631 /* BucketCounter.cpp */ = {isa = PBXFileReference; fileEncoding = 4; lastKnownFileType = sourcecode.cpp.cpp; path = BucketCounter.cpp; sourceTree = "<group>"; };
		E939A33C18A1517A00525631 /* BucketCounter.h */ = {isa = PBXFileReference; fileEncoding = 4; lastKnownFileType = sourcecode.c.h; path = BucketCounter.h; sourceTree = "<group>"; };
		E939A33D18A1517A00525631 /* CostsTracker.cpp */ = {isa = PBXFileReference; fileEncoding = 4; lastKnownFileType = sourcecode.cpp.cpp; path = CostsTracker.cpp; sourceTree = "<group>"; };
		E939A33E18A1517A00525631 /* CostsTracker.h */ = {isa = PBXFileReference; fileEncoding = 4; lastKnownFileType = sourcecode.c.h; path = CostsTracker.h; sourceTree = "<group>"; };
		E939A33F18A1517A00525631 /* InfectionsTracker.cpp */ = {isa = PBXFileReference; fileEncoding = 4; lastKnownFileType = sourcecode.cpp.cpp; path = InfectionsTracker.cpp; sourceTree = "<group>"; };
		E939A34018A1517A00525631 /* InfectionsTracker.h */ = {isa = PBXFileReference; fileEncoding = 4; lastKnownFileType = sourcecode.c.h; path = InfectionsTracker.h; sourceTree = "<group>"; };
		E939A34118A1517A00525631 /* PersonBucket.h */ = {isa = PBXFileReference; fileEncoding = 4; lastKnownFileType = sourcecode.c.h; path = PersonBucket.h; sourceTree = "<group>"; };
		E939A34218A1517A00525631 /* PopStats.cpp */ = {isa = PBXFileReference; fileEncoding = 4; lastKnownFileType = sourcecode.cpp.cpp; path = PopStats.cpp; sourceTree = "<group>"; };
		E939A34318A1517A00525631 /* PopStats.h */ = {isa = PBXFileReference; fileEncoding = 4; lastKnownFileType = sourcecode.c.h; path = PopStats.h; sourceTree = "<group>"; };
		E939A34418A1517A00525631 /* StatsRecord.h */ = {isa = PBXFileReference; fileEncoding = 4; lastKnownFileType = sourcecode.c.h; path = StatsRecord.h; sourceTree = "<group>"; };
		E939A34518A1517A00525631 /* TabularOutput.cpp */ = {isa = PBXFileReference; fileEncoding = 4; lastKnownFileType = sourcecode.cpp.cpp; path = TabularOutput.cpp; sourceTree = "<group>"; };
		E939A34618A1517A00525631 /* TabularOutput.h */ = {isa = PBXFileReference; fileEncoding = 4; lastKnownFileType = sourcecode.c.h; path = TabularOutput.h; sourceTree = "<group>"; };
		E939A34718A1517A00525631 /* TransmissionSummaryStats.cpp */ = {isa = PBXFileReference; fileEncoding = 4; lastKnownFileType = sourcecode.cpp.cpp; path = TransmissionSummaryStats.cpp; sourceTree = "<group>"; };
		E939A34818A1517A00525631 /* TransmissionSummaryStats.h */ = {isa = PBXFileReference; fileEncoding = 4; lastKnownFileType = sourcecode.c.h; path = TransmissionSummaryStats.h; sourceTree = "<group>"; };
		E939A34B18A1517A00525631 /* Distributions.h */ = {isa = PBXFileReference; fileEncoding = 4; lastKnownFileType = sourcecode.c.h; path = Distributions.h; sourceTree = "<group>"; };
		E939A34C18A1517A00525631 /* IsaacRand.h */ = {isa = PBXFileReference; fileEncoding = 4; lastKnownFileType = sourcecode.c.h; path = IsaacRand.h; sourceTree = "<group>"; };
		E939A34D18A1517A00525631 /* RandomNums.cpp */ = {isa = PBXFileReference; fileEncoding = 4; lastKnownFileType = sourcecode.cpp.cpp; path = RandomNums.cpp; sourceTree = "<group>"; };
		E939A34E18A1517A00525631 /* RandomNums.h */ = {isa = PBXFileReference; fileEncoding = 4; lastKnownFileType = sourcecode.c.h; path = RandomNums.h; sourceTree = "<group>"; };
		E939A35018A1517A00525631 /* sqlite3.o */ = {isa = PBXFileReference; lastKnownFileType = "compiled.mach-o.objfile"; path = sqlite3.o; sourceTree = "<group>"; };
		E939A35218A1517A00525631 /* ticpp.cpp */ = {isa = PBXFileReference; fileEncoding = 4; lastKnownFileType = sourcecode.cpp.cpp; path = ticpp.cpp; sourceTree = "<group>"; };
		E939A35318A1517A00525631 /* ticpp.h */ = {isa = PBXFileReference; fileEncoding = 4; lastKnownFileType = sourcecode.c.h; path = ticpp.h; sourceTree = "<group>"; };
		E939A35418A1517A00525631 /* ticpprc.h */ = {isa = PBXFileReference; fileEncoding = 4; lastKnownFileType = sourcecode.c.h; path = ticpprc.h; sourceTree = "<group>"; };
		E939A35518A1517A00525631 /* tinystr.cpp */ = {isa = PBXFileReference; fileEncoding = 4; lastKnownFileType = sourcecode.cpp.cpp; path = tinystr.cpp; sourceTree = "<group>"; };
		E939A35618A1517A00525631 /* tinystr.h */ = {isa = PBXFileReference; fileEncoding = 4; lastKnownFileType = sourcecode.c.h; path = tinystr.h; sourceTree = "<group>"; };
		E939A35718A1517A00525631 /* tinyxml.cpp */ = {isa = PBXFileReference; fileEncoding = 4; lastKnownFileType = sourcecode.cpp.cpp; path = tinyxml.cpp; sourceTree = "<group>"; };
		E939A35818A1517A00525631 /* tinyxml.h */ = {isa = PBXFileReference; fileEncoding = 4; lastKnownFileType = sourcecode.c.h; path = tinyxml.h; sourceTree = "<group>"; };
		E939A35918A1517A00525631 /* tinyxmlerror.cpp */ = {isa = PBXFileReference; fileEncoding = 4; lastKnownFileType = sourcecode.cpp.cpp; path = tinyxmlerror.cpp; sourceTree = "<group>"; };
		E939A35A18A1517A00525631 /* tinyxmlparser.cpp */ = {isa = PBXFileReference; fileEncoding = 4; lastKnownFileType = sourcecode.cpp.cpp; path = tinyxmlparser.cpp; sourceTree = "<group>"; };
		E939A35B18A1517A00525631 /* Timer.h */ = {isa = PBXFileReference; fileEncoding = 4; lastKnownFileType = sourcecode.c.h; path = Timer.h; sourceTree = "<group>"; };
		E939A35C18A1517A00525631 /* Util.cpp */ = {isa = PBXFileReference; fileEncoding = 4; lastKnownFileType = sourcecode.cpp.cpp; path = Util.cpp; sourceTree = "<group>"; };
		E939A35D18A1517A00525631 /* Util.h */ = {isa = PBXFileReference; fileEncoding = 4; lastKnownFileType = sourcecode.c.h; path = Util.h; sourceTree = "<group>"; };
		E939A35E18A1517A00525631 /* XMLUtil.h */ = {isa = PBXFileReference; fileEncoding = 4; lastKnownFileType = sourcecode.c.h; path = XMLUtil.h; sourceTree = "<group>"; };
/* End PBXFileReference section */

/* Begin PBXFrameworksBuildPhase section */
		E910905418A14D7F008BA558 /* Frameworks */ = {
			isa = PBXFrameworksBuildPhase;
			buildActionMask = 2147483647;
			files = (
			);
			runOnlyForDeploymentPostprocessing = 0;
		};
/* End PBXFrameworksBuildPhase section */

/* Begin PBXGroup section */
		E910904E18A14D7F008BA558 = {
			isa = PBXGroup;
			children = (
				E910905918A14D7F008BA558 /* transm */,
				E910905818A14D7F008BA558 /* Products */,
			);
			sourceTree = "<group>";
		};
		E910905818A14D7F008BA558 /* Products */ = {
			isa = PBXGroup;
			children = (
				E910905718A14D7F008BA558 /* transm */,
			);
			name = Products;
			sourceTree = "<group>";
		};
		E910905918A14D7F008BA558 /* transm */ = {
			isa = PBXGroup;
			children = (
				E939A2C918A1517A00525631 /* cepac */,
				E939A2FA18A1517A00525631 /* cepacbridge */,
				E939A2FD18A1517A00525631 /* Constants.cpp */,
				E939A2FE18A1517A00525631 /* Constants.h */,
				E939A2FF18A1517A00525631 /* data */,
				E939A30418A1517A00525631 /* entities */,
				E939A32018A1517A00525631 /* graphviz */,
				E939A33118A1517A00525631 /* Population.cpp */,
				E939A33218A1517A00525631 /* Population.h */,
				E939A33318A1517A00525631 /* PopulationParams.cpp */,
				E939A33418A1517A00525631 /* PopulationParams.h */,
				E939A33518A1517A00525631 /* Sim.cpp */,
				E939A33618A1517A00525631 /* Sim.h */,
				E939A33718A1517A00525631 /* statistics */,
				E939A34918A1517A00525631 /* util */,
				E939A2C718A150FB00525631 /* main.cpp */,
			);
			path = transm;
			sourceTree = "<group>";
		};
		E939A2C918A1517A00525631 /* cepac */ = {
			isa = PBXGroup;
			children = (
				E939A2CA18A1517A00525631 /* AcuteOIUpdater.cpp */,
				E939A2CB18A1517A00525631 /* AcuteOIUpdater.h */,
				E939A2CC18A1517A00525631 /* BeginMonthUpdater.cpp */,
				E939A2CD18A1517A00525631 /* BeginMonthUpdater.h */,
				E939A2CE18A1517A00525631 /* BehaviorUpdater.cpp */,
				E939A2CF18A1517A00525631 /* BehaviorUpdater.h */,
				E939A2D018A1517A00525631 /* CD4HVLUpdater.cpp */,
				E939A2D118A1517A00525631 /* CD4HVLUpdater.h */,
				E939A2D218A1517A00525631 /* CD4TestUpdater.cpp */,
				E939A2D318A1517A00525631 /* CD4TestUpdater.h */,
				E939A2D418A1517A00525631 /* CepacUtil.cpp */,
				E939A2D518A1517A00525631 /* CepacUtil.h */,
				E939A2D618A1517A00525631 /* CHRMsUpdater.cpp */,
				E939A2D718A1517A00525631 /* CHRMsUpdater.h */,
				E939A2D818A1517A00525631 /* ClinicVisitUpdater.cpp */,
				E939A2D918A1517A00525631 /* ClinicVisitUpdater.h */,
				E939A2DA18A1517A00525631 /* DrugEfficacyUpdater.cpp */,
				E939A2DB18A1517A00525631 /* DrugEfficacyUpdater.h */,
				E939A2DC18A1517A00525631 /* DrugToxicityUpdater.cpp */,
				E939A2DD18A1517A00525631 /* DrugToxicityUpdater.h */,
				E939A2DE18A1517A00525631 /* EndMonthUpdater.cpp */,
				E939A2DF18A1517A00525631 /* EndMonthUpdater.h */,
				E939A2E018A1517A00525631 /* HIVInfectionUpdater.cpp */,
				E939A2E118A1517A00525631 /* HIVInfectionUpdater.h */,
				E939A2E218A1517A00525631 /* HIVTestingUpdater.cpp */,
				E939A2E318A1517A00525631 /* HIVTestingUpdater.h */,
				E939A2E418A1517A00525631 /* HVLTestUpdater.cpp */,
				E939A2E518A1517A00525631 /* HVLTestUpdater.h */,
				E939A2E618A1517A00525631 /* include.h */,
				E939A2E718A1517A00525631 /* MortalityUpdater.cpp */,
				E939A2E818A1517A00525631 /* MortalityUpdater.h */,
				E939A2E918A1517A00525631 /* mtrand.cpp */,
				E939A2EA18A1517A00525631 /* mtrand.h */,
				E939A2EB18A1517A00525631 /* Patient.cpp */,
				E939A2EC18A1517A00525631 /* Patient.h */,
				E939A2ED18A1517A00525631 /* Resource.h */,
				E939A2EE18A1517A00525631 /* RunStats.cpp */,
				E939A2EF18A1517A00525631 /* RunStats.h */,
				E939A2F018A1517A00525631 /* SimContext.cpp */,
				E939A2F118A1517A00525631 /* SimContext.h */,
				E939A2F218A1517A00525631 /* StateUpdater.cpp */,
				E939A2F318A1517A00525631 /* StateUpdater.h */,
				E939A2F418A1517A00525631 /* SummaryStats.cpp */,
				E939A2F518A1517A00525631 /* SummaryStats.h */,
				E939A2F618A1517A00525631 /* TBDiseaseUpdater.cpp */,
				E939A2F718A1517A00525631 /* TBDiseaseUpdater.h */,
				E939A2F818A1517A00525631 /* Tracer.cpp */,
				E939A2F918A1517A00525631 /* Tracer.h */,
			);
			name = cepac;
			path = ../../../source/cepac;
			sourceTree = "<group>";
		};
		E939A2FA18A1517A00525631 /* cepacbridge */ = {
			isa = PBXGroup;
			children = (
				E939A2FB18A1517A00525631 /* ParseCepacInput.cpp */,
				E939A2FC18A1517A00525631 /* ParseCepacInput.h */,
			);
			name = cepacbridge;
			path = ../../../source/cepacbridge;
			sourceTree = "<group>";
		};
		E939A2FF18A1517A00525631 /* data */ = {
			isa = PBXGroup;
			children = (
				E939A30018A1517A00525631 /* Enum.cpp */,
				E939A30118A1517A00525631 /* Enum.h */,
				E939A30218A1517A00525631 /* EventParams.h */,
				E939A30318A1517A00525631 /* README.txt */,
			);
			name = data;
			path = ../../../source/data;
			sourceTree = "<group>";
		};
		E939A30418A1517A00525631 /* entities */ = {
			isa = PBXGroup;
			children = (
				E939A30518A1517A00525631 /* behaviors */,
				E939A30818A1517A00525631 /* classifiers */,
				E939A30D18A1517A00525631 /* entitypool */,
				E939A31A18A1517A00525631 /* Female.cpp */,
				E939A31B18A1517A00525631 /* Female.h */,
				E939A31C18A1517A00525631 /* Male.cpp */,
				E939A31D18A1517A00525631 /* Male.h */,
				E939A31E18A1517A00525631 /* Person.cpp */,
				E939A31F18A1517A00525631 /* Person.h */,
			);
			name = entities;
			path = ../../../source/entities;
			sourceTree = "<group>";
		};
		E939A30518A1517A00525631 /* behaviors */ = {
			isa = PBXGroup;
			children = (
				E939A30618A1517A00525631 /* SexualBehaviorParams.cpp */,
				E939A30718A1517A00525631 /* SexualBehaviorParams.h */,
			);
			path = behaviors;
			sourceTree = "<group>";
		};
		E939A30818A1517A00525631 /* classifiers */ = {
			isa = PBXGroup;
			children = (
				E939A30918A1517A00525631 /* DmgProfile.cpp */,
				E939A30A18A1517A00525631 /* DmgProfile.h */,
				E939A30B18A1517A00525631 /* SexualPartnership.cpp */,
				E939A30C18A1517A00525631 /* SexualPartnership.h */,
			);
			path = classifiers;
			sourceTree = "<group>";
		};
		E939A30D18A1517A00525631 /* entitypool */ = {
			isa = PBXGroup;
			children = (
				E939A30E18A1517A00525631 /* bucket */,
				E939A31818A1517A00525631 /* EntityPool.cpp */,
				E939A31918A1517A00525631 /* EntityPool.h */,
			);
			path = entitypool;
			sourceTree = "<group>";
		};
		E939A30E18A1517A00525631 /* bucket */ = {
			isa = PBXGroup;
			children = (
				E939A30F18A1517A00525631 /* BucketAge.cpp */,
				E939A31018A1517A00525631 /* BucketAge.h */,
				E939A31118A1517A00525631 /* BucketSexualMixing.cpp */,
				E939A31218A1517A00525631 /* BucketSexualMixing.h */,
				E939A31318A1517A00525631 /* DmgProfileBucket.cpp */,
				E939A31418A1517A00525631 /* DmgProfileBucket.h */,
				E939A31518A1517A00525631 /* EntityIndex.h */,
				E939A31618A1517A00525631 /* FullVector.cpp */,
				E939A31718A1517A00525631 /* FullVector.h */,
			);
			path = bucket;
			sourceTree = "<group>";
		};
		E939A32018A1517A00525631 /* graphviz */ = {
			isa = PBXGroup;
			children = (
				E939A32118A1517A00525631 /* graphVizParse.cpp */,
				E939A32218A1517A00525631 /* graphVizParse.h */,
			);
			name = graphviz;
			path = ../../../source/graphviz;
			sourceTree = "<group>";
		};
		E939A33718A1517A00525631 /* statistics */ = {
			isa = PBXGroup;
			children = (
				E939A33818A1517A00525631 /* ArtRolloutTracker.cpp */,
				E939A33918A1517A00525631 /* ArtRolloutTracker.h */,
				E939A33A18A1517A00525631 /* Bucket.h */,
				E939A33B18A1517A00525631 /* BucketCounter.cpp */,
				E939A33C18A1517A00525631 /* BucketCounter.h */,
				E939A33D18A1517A00525631 /* CostsTracker.cpp */,
				E939A33E18A1517A00525631 /* CostsTracker.h */,
				E939A33F18A1517A00525631 /* InfectionsTracker.cpp */,
				E939A34018A1517A00525631 /* InfectionsTracker.h */,
				E939A34118A1517A00525631 /* PersonBucket.h */,
				E939A34218A1517A00525631 /* PopStats.cpp */,
				E939A34318A1517A00525631 /* PopStats.h */,
				E939A34418A1517A00525631 /* StatsRecord.h */,
				E939A34518A1517A00525631 /* TabularOutput.cpp */,
				E939A34618A1517A00525631 /* TabularOutput.h */,
				E939A34718A1517A00525631 /* TransmissionSummaryStats.cpp */,
				E939A34818A1517A00525631 /* TransmissionSummaryStats.h */,
			);
			name = statistics;
			path = ../../../source/statistics;
			sourceTree = "<group>";
		};
		E939A34918A1517A00525631 /* util */ = {
			isa = PBXGroup;
			children = (
				E939A34A18A1517A00525631 /* rand */,
				E939A34F18A1517A00525631 /* sqlite */,
				E939A35118A1517A00525631 /* ticpp */,
				E939A35B18A1517A00525631 /* Timer.h */,
				E939A35C18A1517A00525631 /* Util.cpp */,
				E939A35D18A1517A00525631 /* Util.h */,
				E939A35E18A1517A00525631 /* XMLUtil.h */,
			);
			name = util;
			path = ../../../source/util;
			sourceTree = "<group>";
		};
		E939A34A18A1517A00525631 /* rand */ = {
			isa = PBXGroup;
			children = (
				E939A34B18A1517A00525631 /* Distributions.h */,
				E939A34C18A1517A00525631 /* IsaacRand.h */,
				E939A34D18A1517A00525631 /* RandomNums.cpp */,
				E939A34E18A1517A00525631 /* RandomNums.h */,
			);
			path = rand;
			sourceTree = "<group>";
		};
		E939A34F18A1517A00525631 /* sqlite */ = {
			isa = PBXGroup;
			children = (
				E939A35018A1517A00525631 /* sqlite3.o */,
			);
			path = sqlite;
			sourceTree = "<group>";
		};
		E939A35118A1517A00525631 /* ticpp */ = {
			isa = PBXGroup;
			children = (
				E939A35218A1517A00525631 /* ticpp.cpp */,
				E939A35318A1517A00525631 /* ticpp.h */,
				E939A35418A1517A00525631 /* ticpprc.h */,
				E939A35518A1517A00525631 /* tinystr.cpp */,
				E939A35618A1517A00525631 /* tinystr.h */,
				E939A35718A1517A00525631 /* tinyxml.cpp */,
				E939A35818A1517A00525631 /* tinyxml.h */,
				E939A35918A1517A00525631 /* tinyxmlerror.cpp */,
				E939A35A18A1517A00525631 /* tinyxmlparser.cpp */,
			);
			path = ticpp;
			sourceTree = "<group>";
		};
/* End PBXGroup section */

/* Begin PBXNativeTarget section */
		E910905618A14D7F008BA558 /* transm */ = {
			isa = PBXNativeTarget;
			buildConfigurationList = E910906018A14D7F008BA558 /* Build configuration list for PBXNativeTarget "transm" */;
			buildPhases = (
				E910905318A14D7F008BA558 /* Sources */,
				E910905418A14D7F008BA558 /* Frameworks */,
				E910905518A14D7F008BA558 /* CopyFiles */,
			);
			buildRules = (
			);
			dependencies = (
			);
			name = transm;
			productName = transm;
			productReference = E910905718A14D7F008BA558 /* transm */;
			productType = "com.apple.product-type.tool";
		};
/* End PBXNativeTarget section */

/* Begin PBXProject section */
		E910904F18A14D7F008BA558 /* Project object */ = {
			isa = PBXProject;
			attributes = {
				LastUpgradeCheck = 0500;
				ORGANIZATIONNAME = "Harvard University";
			};
			buildConfigurationList = E910905218A14D7F008BA558 /* Build configuration list for PBXProject "transm" */;
			compatibilityVersion = "Xcode 3.2";
			developmentRegion = English;
			hasScannedForEncodings = 0;
			knownRegions = (
				en,
			);
			mainGroup = E910904E18A14D7F008BA558;
			productRefGroup = E910905818A14D7F008BA558 /* Products */;
			projectDirPath = "";
			projectRoot = "";
			targets = (
				E910905618A14D7F008BA558 /* transm */,
			);
		};
/* End PBXProject section */

/* Begin PBXSourcesBuildPhase section */
		E910905318A14D7F008BA558 /* Sources */ = {
			isa = PBXSourcesBuildPhase;
			buildActionMask = 2147483647;
			files = (
				E939A37818A1517A00525631 /* Enum.cpp in Sources */,
				E939A39918A1517A00525631 /* tinyxmlerror.cpp in Sources */,
				E939A38018A1517A00525631 /* EntityPool.cpp in Sources */,
				E939A38218A1517A00525631 /* Male.cpp in Sources */,
				E939A36418A1517A00525631 /* CepacUtil.cpp in Sources */,
				E939A37E18A1517A00525631 /* DmgProfileBucket.cpp in Sources */,
				E939A37718A1517A00525631 /* Constants.cpp in Sources */,
				E939A39318A1517A00525631 /* TransmissionSummaryStats.cpp in Sources */,
				E939A38E18A1517A00525631 /* BucketCounter.cpp in Sources */,
				E939A37D18A1517A00525631 /* BucketSexualMixing.cpp in Sources */,
				E939A36718A1517A00525631 /* DrugEfficacyUpdater.cpp in Sources */,
				E939A35F18A1517A00525631 /* AcuteOIUpdater.cpp in Sources */,
				E939A37618A1517A00525631 /* ParseCepacInput.cpp in Sources */,
				E939A38318A1517A00525631 /* Person.cpp in Sources */,
				E939A38118A1517A00525631 /* Female.cpp in Sources */,
				E939A39718A1517A00525631 /* tinystr.cpp in Sources */,
				E939A37C18A1517A00525631 /* BucketAge.cpp in Sources */,
				E939A39018A1517A00525631 /* InfectionsTracker.cpp in Sources */,
				E939A39618A1517A00525631 /* ticpp.cpp in Sources */,
				E939A37B18A1517A00525631 /* SexualPartnership.cpp in Sources */,
				E939A38418A1517A00525631 /* graphVizParse.cpp in Sources */,
				E939A36F18A1517A00525631 /* Patient.cpp in Sources */,
				E939A36618A1517A00525631 /* ClinicVisitUpdater.cpp in Sources */,
				E939A37118A1517A00525631 /* SimContext.cpp in Sources */,
				E939A36118A1517A00525631 /* BehaviorUpdater.cpp in Sources */,
				E939A36518A1517A00525631 /* CHRMsUpdater.cpp in Sources */,
				E939A39A18A1517A00525631 /* tinyxmlparser.cpp in Sources */,
				E939A37F18A1517A00525631 /* FullVector.cpp in Sources */,
				E939A39218A1517A00525631 /* TabularOutput.cpp in Sources */,
				E939A36918A1517A00525631 /* EndMonthUpdater.cpp in Sources */,
				E939A37418A1517A00525631 /* TBDiseaseUpdater.cpp in Sources */,
				E939A39118A1517A00525631 /* PopStats.cpp in Sources */,
				E939A37218A1517A00525631 /* StateUpdater.cpp in Sources */,
				E939A38D18A1517A00525631 /* ArtRolloutTracker.cpp in Sources */,
				E939A36218A1517A00525631 /* CD4HVLUpdater.cpp in Sources */,
				E939A37518A1517A00525631 /* Tracer.cpp in Sources */,
				E939A38C18A1517A00525631 /* Sim.cpp in Sources */,
				E939A36C18A1517A00525631 /* HVLTestUpdater.cpp in Sources */,
				E939A37318A1517A00525631 /* SummaryStats.cpp in Sources */,
				E939A38A18A1517A00525631 /* Population.cpp in Sources */,
				E939A36818A1517A00525631 /* DrugToxicityUpdater.cpp in Sources */,
				E939A2C818A150FB00525631 /* main.cpp in Sources */,
				E939A36018A1517A00525631 /* BeginMonthUpdater.cpp in Sources */,
				E939A39418A1517A00525631 /* RandomNums.cpp in Sources */,
				E939A36318A1517A00525631 /* CD4TestUpdater.cpp in Sources */,
				E939A36B18A1517A00525631 /* HIVTestingUpdater.cpp in Sources */,
				E939A39818A1517A00525631 /* tinyxml.cpp in Sources */,
				E939A37918A1517A00525631 /* SexualBehaviorParams.cpp in Sources */,
				E939A38B18A1517A00525631 /* PopulationParams.cpp in Sources */,
				E939A36A18A1517A00525631 /* HIVInfectionUpdater.cpp in Sources */,
				E939A36E18A1517A00525631 /* mtrand.cpp in Sources */,
				E939A36D18A1517A00525631 /* MortalityUpdater.cpp in Sources */,
				E939A39B18A1517A00525631 /* Util.cpp in Sources */,
				E939A38F18A1517A00525631 /* CostsTracker.cpp in Sources */,
				E939A37A18A1517A00525631 /* DmgProfile.cpp in Sources */,
				E939A37018A1517A00525631 /* RunStats.cpp in Sources */,
			);
			runOnlyForDeploymentPostprocessing = 0;
		};
/* End PBXSourcesBuildPhase section */

/* Begin XCBuildConfiguration section */
		E910905E18A14D7F008BA558 /* Debug */ = {
			isa = XCBuildConfiguration;
			buildSettings = {
				ALWAYS_SEARCH_USER_PATHS = NO;
				CLANG_CXX_LANGUAGE_STANDARD = "gnu++0x";
				CLANG_CXX_LIBRARY = "libc++";
				CLANG_ENABLE_OBJC_ARC = YES;
				CLANG_WARN_BOOL_CONVERSION = YES;
				CLANG_WARN_CONSTANT_CONVERSION = YES;
				CLANG_WARN_DIRECT_OBJC_ISA_USAGE = YES_ERROR;
				CLANG_WARN_EMPTY_BODY = YES;
				CLANG_WARN_ENUM_CONVERSION = YES;
				CLANG_WARN_INT_CONVERSION = YES;
				CLANG_WARN_OBJC_ROOT_CLASS = YES_ERROR;
				CLANG_WARN__DUPLICATE_METHOD_MATCH = YES;
				COPY_PHASE_STRIP = NO;
				GCC_C_LANGUAGE_STANDARD = gnu99;
				GCC_DYNAMIC_NO_PIC = NO;
				GCC_ENABLE_OBJC_EXCEPTIONS = YES;
				GCC_OPTIMIZATION_LEVEL = 0;
				GCC_PREPROCESSOR_DEFINITIONS = (
					"DEBUG=1",
					"$(inherited)",
				);
				GCC_SYMBOLS_PRIVATE_EXTERN = NO;
				GCC_WARN_64_TO_32_BIT_CONVERSION = YES;
				GCC_WARN_ABOUT_RETURN_TYPE = YES_ERROR;
				GCC_WARN_UNDECLARED_SELECTOR = YES;
				GCC_WARN_UNINITIALIZED_AUTOS = YES;
				GCC_WARN_UNUSED_FUNCTION = YES;
				GCC_WARN_UNUSED_VARIABLE = YES;
				MACOSX_DEPLOYMENT_TARGET = 10.9;
				ONLY_ACTIVE_ARCH = YES;
				SDKROOT = macosx;
			};
			name = Debug;
		};
		E910905F18A14D7F008BA558 /* Release */ = {
			isa = XCBuildConfiguration;
			buildSettings = {
				ALWAYS_SEARCH_USER_PATHS = NO;
				CLANG_CXX_LANGUAGE_STANDARD = "gnu++0x";
				CLANG_CXX_LIBRARY = "libc++";
				CLANG_ENABLE_OBJC_ARC = YES;
				CLANG_WARN_BOOL_CONVERSION = YES;
				CLANG_WARN_CONSTANT_CONVERSION = YES;
				CLANG_WARN_DIRECT_OBJC_ISA_USAGE = YES_ERROR;
				CLANG_WARN_EMPTY_BODY = YES;
				CLANG_WARN_ENUM_CONVERSION = YES;
				CLANG_WARN_INT_CONVERSION = YES;
				CLANG_WARN_OBJC_ROOT_CLASS = YES_ERROR;
				CLANG_WARN__DUPLICATE_METHOD_MATCH = YES;
				COPY_PHASE_STRIP = YES;
				DEBUG_INFORMATION_FORMAT = "dwarf-with-dsym";
				ENABLE_NS_ASSERTIONS = NO;
				GCC_C_LANGUAGE_STANDARD = gnu99;
				GCC_ENABLE_OBJC_EXCEPTIONS = YES;
				GCC_WARN_64_TO_32_BIT_CONVERSION = YES;
				GCC_WARN_ABOUT_RETURN_TYPE = YES_ERROR;
				GCC_WARN_UNDECLARED_SELECTOR = YES;
				GCC_WARN_UNINITIALIZED_AUTOS = YES;
				GCC_WARN_UNUSED_FUNCTION = YES;
				GCC_WARN_UNUSED_VARIABLE = YES;
				MACOSX_DEPLOYMENT_TARGET = 10.9;
				SDKROOT = macosx;
			};
			name = Release;
		};
		E910906118A14D7F008BA558 /* Debug */ = {
			isa = XCBuildConfiguration;
			buildSettings = {
				CURRENT_PROJECT_VERSION = 3.33b;
				HEADER_SEARCH_PATHS = (
					"$(inherited)",
					/Applications/Xcode.app/Contents/Developer/Toolchains/XcodeDefault.xctoolchain/usr/include,
					/usr/local/include,
				);
				LIBRARY_SEARCH_PATHS = /usr/local/lib;
				OTHER_LDFLAGS = (
					"-lboost_filesystem",
					"-lboost_system",
				);
				PRODUCT_NAME = "$(TARGET_NAME)";
			};
			name = Debug;
		};
		E910906218A14D7F008BA558 /* Release */ = {
			isa = XCBuildConfiguration;
			buildSettings = {
				CURRENT_PROJECT_VERSION = 3.33bd;
				HEADER_SEARCH_PATHS = (
					"$(inherited)",
					/Applications/Xcode.app/Contents/Developer/Toolchains/XcodeDefault.xctoolchain/usr/include,
					/usr/local/include,
				);
				LIBRARY_SEARCH_PATHS = /usr/local/lib;
				OTHER_LDFLAGS = (
					"-lboost_filesystem",
					"-lboost_system",
				);
				PRODUCT_NAME = "$(TARGET_NAME)";
			};
			name = Release;
		};
/* End XCBuildConfiguration section */

/* Begin XCConfigurationList section */
		E910905218A14D7F008BA558 /* Build configuration list for PBXProject "transm" */ = {
			isa = XCConfigurationList;
			buildConfigurations = (
				E910905E18A14D7F008BA558 /* Debug */,
				E910905F18A14D7F008BA558 /* Release */,
			);
			defaultConfigurationIsVisible = 0;
			defaultConfigurationName = Release;
		};
		E910906018A14D7F008BA558 /* Build configuration list for PBXNativeTarget "transm" */ = {
			isa = XCConfigurationList;
			buildConfigurations = (
				E910906118A14D7F008BA558 /* Debug */,
				E910906218A14D7F008BA558 /* Release */,
			);
			defaultConfigurationIsVisible = 0;
			defaultConfigurationName = Release;
		};
/* End XCConfigurationList section */
	};
	rootObject = E910904F18A14D7F008BA558 /* Project object */;
}
