<?xml version="1.0" encoding="utf-8"?>
<Project ToolsVersion="4.0" xmlns="http://schemas.microsoft.com/developer/msbuild/2003">
  <ItemGroup>
    <ClCompile Include="..\..\..\source\Constants.cpp" />
    <ClCompile Include="..\..\..\source\Population.cpp" />
    <ClCompile Include="..\..\..\source\PopulationParams.cpp" />
    <ClCompile Include="..\..\..\source\util\Util.cpp">
      <Filter>util</Filter>
    </ClCompile>
    <ClCompile Include="..\..\..\source\util\rand\RandomNums.cpp">
      <Filter>util\rand</Filter>
    </ClCompile>
    <ClCompile Include="..\..\..\source\statistics\CostsTracker.cpp">
      <Filter>statistics</Filter>
    </ClCompile>
    <ClCompile Include="..\..\..\source\statistics\InfectionsTracker.cpp">
      <Filter>statistics</Filter>
    </ClCompile>
    <ClCompile Include="..\..\..\source\statistics\PopStats.cpp">
      <Filter>statistics</Filter>
    </ClCompile>
    <ClCompile Include="..\..\..\source\statistics\TransmissionSummaryStats.cpp">
      <Filter>statistics</Filter>
    </ClCompile>
    <ClCompile Include="..\..\..\source\graphviz\graphVizParse.cpp">
      <Filter>graphviz</Filter>
    </ClCompile>
    <ClCompile Include="..\..\..\source\entities\Female.cpp">
      <Filter>entities</Filter>
    </ClCompile>
    <ClCompile Include="..\..\..\source\entities\Male.cpp">
      <Filter>entities</Filter>
    </ClCompile>
    <ClCompile Include="..\..\..\source\entities\Person.cpp">
      <Filter>entities</Filter>
    </ClCompile>
    <ClCompile Include="..\..\..\source\entities\behaviors\SexualBehaviorParams.cpp">
      <Filter>entities\behaviors</Filter>
    </ClCompile>
    <ClCompile Include="..\..\..\source\entities\classifiers\DmgProfile.cpp">
      <Filter>entities\classifiers</Filter>
    </ClCompile>
    <ClCompile Include="..\..\..\source\entities\classifiers\SexualPartnership.cpp">
      <Filter>entities\classifiers</Filter>
    </ClCompile>
    <ClCompile Include="..\..\..\source\entities\entitypool\EntityPool.cpp">
      <Filter>entities\entitypool</Filter>
    </ClCompile>
    <ClCompile Include="..\..\..\source\entities\entitypool\bucket\BucketAge.cpp">
      <Filter>entities\entitypool\bucket</Filter>
    </ClCompile>
    <ClCompile Include="..\..\..\source\entities\entitypool\bucket\BucketSexualMixing.cpp">
      <Filter>entities\entitypool\bucket</Filter>
    </ClCompile>
    <ClCompile Include="..\..\..\source\entities\entitypool\bucket\DmgProfileBucket.cpp">
      <Filter>entities\entitypool\bucket</Filter>
    </ClCompile>
    <ClCompile Include="..\..\..\source\entities\entitypool\bucket\FullVector.cpp">
      <Filter>entities\entitypool\bucket</Filter>
    </ClCompile>
    <ClCompile Include="..\..\..\source\data\Enum.cpp">
      <Filter>data</Filter>
    </ClCompile>
    <ClCompile Include="..\..\..\source\statistics\TabularOutput.cpp">
      <Filter>statistics</Filter>
    </ClCompile>
    <ClCompile Include="..\..\..\source\statistics\BucketCounter.cpp">
      <Filter>statistics</Filter>
    </ClCompile>
    <ClCompile Include="..\..\..\source\statistics\ArtRolloutTracker.cpp">
      <Filter>statistics</Filter>
    </ClCompile>
    <ClCompile Include="..\..\..\source\Simulation.cpp" />
    <ClCompile Include="..\..\..\source\util\HighResolutionTimerWindows.cpp">
      <Filter>util</Filter>
    </ClCompile>
    <ClCompile Include="..\..\..\source\cepacbridge\CepacInputParser.cpp">
      <Filter>cepacbridge</Filter>
    </ClCompile>
    <ClCompile Include="..\..\..\source\util\xml\pugixml.cpp">
      <Filter>util\xml</Filter>
    </ClCompile>
  </ItemGroup>
  <ItemGroup>
    <ClInclude Include="..\..\..\source\Constants.h" />
    <ClInclude Include="..\..\..\source\Population.h" />
    <ClInclude Include="..\..\..\source\PopulationParams.h" />
    <ClInclude Include="..\..\..\source\util\Util.h">
      <Filter>util</Filter>
    </ClInclude>
    <ClInclude Include="..\..\..\source\util\rand\RandomNums.h">
      <Filter>util\rand</Filter>
    </ClInclude>
    <ClInclude Include="..\..\..\source\statistics\CostsTracker.h">
      <Filter>statistics</Filter>
    </ClInclude>
    <ClInclude Include="..\..\..\source\statistics\InfectionsTracker.h">
      <Filter>statistics</Filter>
    </ClInclude>
    <ClInclude Include="..\..\..\source\statistics\PopStats.h">
      <Filter>statistics</Filter>
    </ClInclude>
    <ClInclude Include="..\..\..\source\statistics\StatsRecord.h">
      <Filter>statistics</Filter>
    </ClInclude>
    <ClInclude Include="..\..\..\source\statistics\TransmissionSummaryStats.h">
      <Filter>statistics</Filter>
    </ClInclude>
    <ClInclude Include="..\..\..\source\graphviz\graphVizParse.h">
      <Filter>graphviz</Filter>
    </ClInclude>
    <ClInclude Include="..\..\..\source\entities\Female.h">
      <Filter>entities</Filter>
    </ClInclude>
    <ClInclude Include="..\..\..\source\entities\Male.h">
      <Filter>entities</Filter>
    </ClInclude>
    <ClInclude Include="..\..\..\source\entities\Person.h">
      <Filter>entities</Filter>
    </ClInclude>
    <ClInclude Include="..\..\..\source\entities\behaviors\SexualBehaviorParams.h">
      <Filter>entities\behaviors</Filter>
    </ClInclude>
    <ClInclude Include="..\..\..\source\entities\classifiers\DmgProfile.h">
      <Filter>entities\classifiers</Filter>
    </ClInclude>
    <ClInclude Include="..\..\..\source\entities\classifiers\SexualPartnership.h">
      <Filter>entities\classifiers</Filter>
    </ClInclude>
    <ClInclude Include="..\..\..\source\entities\entitypool\EntityPool.h">
      <Filter>entities\entitypool</Filter>
    </ClInclude>
    <ClInclude Include="..\..\..\source\entities\entitypool\bucket\BucketAge.h">
      <Filter>entities\entitypool\bucket</Filter>
    </ClInclude>
    <ClInclude Include="..\..\..\source\entities\entitypool\bucket\BucketSexualMixing.h">
      <Filter>entities\entitypool\bucket</Filter>
    </ClInclude>
    <ClInclude Include="..\..\..\source\entities\entitypool\bucket\DmgProfileBucket.h">
      <Filter>entities\entitypool\bucket</Filter>
    </ClInclude>
    <ClInclude Include="..\..\..\source\entities\entitypool\bucket\EntityIndex.h">
      <Filter>entities\entitypool\bucket</Filter>
    </ClInclude>
    <ClInclude Include="..\..\..\source\entities\entitypool\bucket\FullVector.h">
      <Filter>entities\entitypool\bucket</Filter>
    </ClInclude>
    <ClInclude Include="..\..\..\source\data\Enum.h">
      <Filter>data</Filter>
    </ClInclude>
    <ClInclude Include="..\..\..\source\data\EventParams.h">
      <Filter>data</Filter>
    </ClInclude>
    <ClInclude Include="..\..\..\source\statistics\TabularOutput.h">
      <Filter>statistics</Filter>
    </ClInclude>
    <ClInclude Include="..\..\..\source\statistics\BucketCounter.h">
      <Filter>statistics</Filter>
    </ClInclude>
    <ClInclude Include="..\..\..\source\statistics\ArtRolloutTracker.h">
      <Filter>statistics</Filter>
    </ClInclude>
    <ClInclude Include="..\..\..\source\Simulation.h" />
    <ClInclude Include="..\..\..\source\util\HighResolutionTimer.h">
      <Filter>util</Filter>
    </ClInclude>
    <ClInclude Include="..\..\..\source\cepacbridge\CepacInputParser.h">
      <Filter>cepacbridge</Filter>
    </ClInclude>
    <ClInclude Include="..\..\..\source\data\AgeRangeSizeContainer.h">
      <Filter>data</Filter>
    </ClInclude>
    <ClInclude Include="..\..\..\source\statistics\PersonBucket.h">
      <Filter>statistics</Filter>
    </ClInclude>
    <ClInclude Include="..\..\..\source\Outputs.h" />
    <ClInclude Include="..\..\..\source\util\enum_iterator.h">
      <Filter>util</Filter>
    </ClInclude>
    <ClInclude Include="..\..\..\source\util\xml\pugiconfig.hpp">
      <Filter>util\xml</Filter>
    </ClInclude>
    <ClInclude Include="..\..\..\source\util\xml\pugixml.hpp">
      <Filter>util\xml</Filter>
    </ClInclude>
    <ClInclude Include="..\..\..\source\util\Nullable.h">
      <Filter>util</Filter>
    </ClInclude>
    <ClInclude Include="..\..\..\source\SimulationBuilder.h" />
  </ItemGroup>
  <ItemGroup>
    <Filter Include="util">
      <UniqueIdentifier>{890bec23-e955-4cdc-b205-75dc062a8fb0}</UniqueIdentifier>
    </Filter>
    <Filter Include="util\rand">
      <UniqueIdentifier>{3cc184c9-9714-4ea9-ba95-7e71ac201754}</UniqueIdentifier>
    </Filter>
    <Filter Include="statistics">
      <UniqueIdentifier>{7625ecdd-1071-492b-bbb7-54b57e273e60}</UniqueIdentifier>
    </Filter>
    <Filter Include="graphviz">
      <UniqueIdentifier>{04a4213e-f156-4ff3-8fe6-9542b4671120}</UniqueIdentifier>
    </Filter>
    <Filter Include="entities">
      <UniqueIdentifier>{104382c7-9999-475b-a689-e3e07bf9e459}</UniqueIdentifier>
    </Filter>
    <Filter Include="entities\behaviors">
      <UniqueIdentifier>{c32c2a88-3575-4b9a-83d8-d3f690a02179}</UniqueIdentifier>
    </Filter>
    <Filter Include="entities\classifiers">
      <UniqueIdentifier>{db695985-18d4-4894-8cb8-cf2b314f066a}</UniqueIdentifier>
    </Filter>
    <Filter Include="entities\entitypool">
      <UniqueIdentifier>{911666c7-800c-4dda-b3e9-65de0b2b700c}</UniqueIdentifier>
    </Filter>
    <Filter Include="entities\entitypool\bucket">
      <UniqueIdentifier>{dd1eed5c-5888-4312-bda4-63754631c0a6}</UniqueIdentifier>
    </Filter>
    <Filter Include="data">
      <UniqueIdentifier>{72297d5f-6496-44b7-a8ff-2be780409983}</UniqueIdentifier>
    </Filter>
    <Filter Include="cepacbridge">
      <UniqueIdentifier>{00bfc982-b836-43fa-a6f8-7ebd524ecf8f}</UniqueIdentifier>
    </Filter>
    <Filter Include="util\xml">
      <UniqueIdentifier>{a35fabb2-4a8a-4645-8886-633d26782f89}</UniqueIdentifier>
    </Filter>
  </ItemGroup>
</Project>