<?xml version="1.0" encoding="utf-8"?>
<Project ToolsVersion="4.0" xmlns="http://schemas.microsoft.com/developer/msbuild/2003">
  <ItemGroup>
    <Filter Include="pages">
      <UniqueIdentifier>{ebc5937b-50a9-49c8-bb1e-a093c0b98921}</UniqueIdentifier>
    </Filter>
  </ItemGroup>
  <ItemGroup>
    <ClInclude Include="Page.h">
      <Filter>pages</Filter>
    </ClInclude>
    <ClInclude Include="SimulationPage.h">
      <Filter>pages</Filter>
    </ClInclude>
  </ItemGroup>
</Project>