<?xml version="1.0" encoding="utf-8"?>
<Project ToolsVersion="4.0" xmlns="http://schemas.microsoft.com/developer/msbuild/2003">
  <ItemGroup>
    <Filter Include="util">
      <UniqueIdentifier>{23256884-a005-42f7-9ad2-86b62b4f6639}</UniqueIdentifier>
    </Filter>
    <Filter Include="util\ticpp">
      <UniqueIdentifier>{273d5890-c893-48a7-a922-6ed70170f2b3}</UniqueIdentifier>
    </Filter>
    <Filter Include="util\rand">
      <UniqueIdentifier>{3b81e036-e5bb-4d31-8c1e-74c69f771aab}</UniqueIdentifier>
    </Filter>
    <Filter Include="cepacbridge">
      <UniqueIdentifier>{268d3e1b-2158-4e31-a3a5-106831019706}</UniqueIdentifier>
    </Filter>
    <Filter Include="data">
      <UniqueIdentifier>{0d48211e-e3ee-4a3e-9357-5c77aae87a6a}</UniqueIdentifier>
    </Filter>
    <Filter Include="entities">
      <UniqueIdentifier>{a1508774-cc3c-48d0-acf9-7c113f94cc54}</UniqueIdentifier>
    </Filter>
    <Filter Include="entities\behaviors">
      <UniqueIdentifier>{e209528c-d368-433f-b9b8-65171c4727ab}</UniqueIdentifier>
    </Filter>
    <Filter Include="entities\classifiers">
      <UniqueIdentifier>{65be1cd5-c2a4-427f-b51a-e3281f1597e9}</UniqueIdentifier>
    </Filter>
    <Filter Include="entities\entitypool">
      <UniqueIdentifier>{47e0b9b6-591b-485a-81fa-179af1de7cf1}</UniqueIdentifier>
    </Filter>
    <Filter Include="entities\entitypool\bucket">
      <UniqueIdentifier>{7b96fa65-95d2-4a20-a351-b964b281bfe0}</UniqueIdentifier>
    </Filter>
    <Filter Include="graphviz">
      <UniqueIdentifier>{7d0bf476-bc2d-4c47-be10-72a39095cc02}</UniqueIdentifier>
    </Filter>
    <Filter Include="resources">
      <UniqueIdentifier>{f2111ee4-fde3-400d-bdca-1cd8ed208bb2}</UniqueIdentifier>
    </Filter>
    <Filter Include="statistics">
      <UniqueIdentifier>{9fa4bd68-937b-49ad-ba79-e2a962393482}</UniqueIdentifier>
    </Filter>
    <Filter Include="util\sqlite">
      <UniqueIdentifier>{7563bbb3-338e-42ce-94f4-24fd8a89b113}</UniqueIdentifier>
    </Filter>
  </ItemGroup>
  <ItemGroup>
    <ClCompile Include="..\..\..\source\cepacbridge\ParseCepacInput.cpp">
      <Filter>cepacbridge</Filter>
    </ClCompile>
    <ClCompile Include="..\..\..\source\data\Enum.cpp">
      <Filter>data</Filter>
    </ClCompile>
    <ClCompile Include="..\..\..\source\entities\Female.cpp">
      <Filter>entities</Filter>
    </ClCompile>
    <ClCompile Include="..\..\..\source\entities\Male.cpp">
      <Filter>entities</Filter>
    </ClCompile>
    <ClCompile Include="..\..\..\source\entities\Person.cpp">
      <Filter>entities</Filter>
    </ClCompile>
    <ClCompile Include="..\..\..\source\entities\entitypool\bucket\BucketAge.cpp">
      <Filter>entities\entitypool\bucket</Filter>
    </ClCompile>
    <ClCompile Include="..\..\..\source\entities\entitypool\bucket\BucketSexualMixing.cpp">
      <Filter>entities\entitypool\bucket</Filter>
    </ClCompile>
    <ClCompile Include="..\..\..\source\entities\entitypool\bucket\DmgProfileBucket.cpp">
      <Filter>entities\entitypool\bucket</Filter>
    </ClCompile>
    <ClCompile Include="..\..\..\source\entities\entitypool\bucket\FullVector.cpp">
      <Filter>entities\entitypool\bucket</Filter>
    </ClCompile>
    <ClCompile Include="..\..\..\source\entities\entitypool\EntityPool.cpp">
      <Filter>entities\entitypool</Filter>
    </ClCompile>
    <ClCompile Include="..\..\..\source\entities\classifiers\DmgProfile.cpp">
      <Filter>entities\classifiers</Filter>
    </ClCompile>
    <ClCompile Include="..\..\..\source\entities\classifiers\SexualPartnership.cpp">
      <Filter>entities\classifiers</Filter>
    </ClCompile>
    <ClCompile Include="..\..\..\source\entities\behaviors\SexualBehaviorParams.cpp">
      <Filter>entities\behaviors</Filter>
    </ClCompile>
    <ClCompile Include="..\..\..\source\graphviz\graphVizParse.cpp">
      <Filter>graphviz</Filter>
    </ClCompile>
    <ClCompile Include="..\..\..\source\statistics\CostsTracker.cpp">
      <Filter>statistics</Filter>
    </ClCompile>
    <ClCompile Include="..\..\..\source\statistics\InfectionsTracker.cpp">
      <Filter>statistics</Filter>
    </ClCompile>
    <ClCompile Include="..\..\..\source\statistics\PopStats.cpp">
      <Filter>statistics</Filter>
    </ClCompile>
    <ClCompile Include="..\..\..\source\statistics\TransmissionSummaryStats.cpp">
      <Filter>statistics</Filter>
    </ClCompile>
    <ClCompile Include="..\..\..\source\util\Util.cpp">
      <Filter>util</Filter>
    </ClCompile>
    <ClCompile Include="..\..\..\source\util\ticpp\ticpp.cpp">
      <Filter>util\ticpp</Filter>
    </ClCompile>
    <ClCompile Include="..\..\..\source\util\ticpp\tinystr.cpp">
      <Filter>util\ticpp</Filter>
    </ClCompile>
    <ClCompile Include="..\..\..\source\util\ticpp\tinyxml.cpp">
      <Filter>util\ticpp</Filter>
    </ClCompile>
    <ClCompile Include="..\..\..\source\util\ticpp\tinyxmlerror.cpp">
      <Filter>util\ticpp</Filter>
    </ClCompile>
    <ClCompile Include="..\..\..\source\util\ticpp\tinyxmlparser.cpp">
      <Filter>util\ticpp</Filter>
    </ClCompile>
    <ClCompile Include="..\..\..\source\util\rand\RandomNums.cpp">
      <Filter>util\rand</Filter>
    </ClCompile>
    <ClCompile Include="..\..\..\source\Constants.cpp" />
    <ClCompile Include="..\..\..\source\Population.cpp" />
    <ClCompile Include="..\..\..\source\PopulationParams.cpp" />
    <ClCompile Include="..\..\..\source\Sim.cpp" />
    <ClCompile Include="..\..\..\source\statistics\ArtRolloutTracker.cpp">
      <Filter>statistics</Filter>
    </ClCompile>
    <ClCompile Include="..\..\..\source\statistics\BucketCounter.cpp">
      <Filter>statistics</Filter>
    </ClCompile>
    <ClCompile Include="..\..\..\source\statistics\TabularOutput.cpp">
      <Filter>statistics</Filter>
    </ClCompile>
    <ClCompile Include="..\..\..\source\util\sqlite\sqlite3.c">
      <Filter>util\sqlite</Filter>
    </ClCompile>
  </ItemGroup>
  <ItemGroup>
    <ClInclude Include="..\..\..\source\cepacbridge\ParseCepacInput.h">
      <Filter>cepacbridge</Filter>
    </ClInclude>
    <ClInclude Include="..\..\..\source\data\Enum.h">
      <Filter>data</Filter>
    </ClInclude>
    <ClInclude Include="..\..\..\source\data\EventParams.h">
      <Filter>data</Filter>
    </ClInclude>
    <ClInclude Include="..\..\..\source\entities\Female.h">
      <Filter>entities</Filter>
    </ClInclude>
    <ClInclude Include="..\..\..\source\entities\Male.h">
      <Filter>entities</Filter>
    </ClInclude>
    <ClInclude Include="..\..\..\source\entities\Person.h">
      <Filter>entities</Filter>
    </ClInclude>
    <ClInclude Include="..\..\..\source\entities\entitypool\bucket\BucketAge.h">
      <Filter>entities\entitypool\bucket</Filter>
    </ClInclude>
    <ClInclude Include="..\..\..\source\entities\entitypool\bucket\BucketSexualMixing.h">
      <Filter>entities\entitypool\bucket</Filter>
    </ClInclude>
    <ClInclude Include="..\..\..\source\entities\entitypool\bucket\DmgProfileBucket.h">
      <Filter>entities\entitypool\bucket</Filter>
    </ClInclude>
    <ClInclude Include="..\..\..\source\entities\entitypool\bucket\EntityIndex.h">
      <Filter>entities\entitypool\bucket</Filter>
    </ClInclude>
    <ClInclude Include="..\..\..\source\entities\entitypool\bucket\FullVector.h">
      <Filter>entities\entitypool\bucket</Filter>
    </ClInclude>
    <ClInclude Include="..\..\..\source\entities\entitypool\EntityPool.h">
      <Filter>entities\entitypool</Filter>
    </ClInclude>
    <ClInclude Include="..\..\..\source\entities\classifiers\DmgProfile.h">
      <Filter>entities\classifiers</Filter>
    </ClInclude>
    <ClInclude Include="..\..\..\source\entities\classifiers\SexualPartnership.h">
      <Filter>entities\classifiers</Filter>
    </ClInclude>
    <ClInclude Include="..\..\..\source\entities\behaviors\SexualBehaviorParams.h">
      <Filter>entities\behaviors</Filter>
    </ClInclude>
    <ClInclude Include="..\..\..\source\graphviz\graphVizParse.h">
      <Filter>graphviz</Filter>
    </ClInclude>
    <ClInclude Include="..\..\..\source\statistics\CostsTracker.h">
      <Filter>statistics</Filter>
    </ClInclude>
    <ClInclude Include="..\..\..\source\statistics\InfectionsTracker.h">
      <Filter>statistics</Filter>
    </ClInclude>
    <ClInclude Include="..\..\..\source\statistics\PopStats.h">
      <Filter>statistics</Filter>
    </ClInclude>
    <ClInclude Include="..\..\..\source\statistics\StatsRecord.h">
      <Filter>statistics</Filter>
    </ClInclude>
    <ClInclude Include="..\..\..\source\statistics\TransmissionSummaryStats.h">
      <Filter>statistics</Filter>
    </ClInclude>
    <ClInclude Include="..\..\..\source\util\Util.h">
      <Filter>util</Filter>
    </ClInclude>
    <ClInclude Include="..\..\..\source\util\XMLUtil.h">
      <Filter>util</Filter>
    </ClInclude>
    <ClInclude Include="..\..\..\source\util\ticpp\tinystr.h">
      <Filter>util\ticpp</Filter>
    </ClInclude>
    <ClInclude Include="..\..\..\source\util\ticpp\tinyxml.h">
      <Filter>util\ticpp</Filter>
    </ClInclude>
    <ClInclude Include="..\..\..\source\util\ticpp\ticpp.h">
      <Filter>util\ticpp</Filter>
    </ClInclude>
    <ClInclude Include="..\..\..\source\util\ticpp\ticpprc.h">
      <Filter>util\ticpp</Filter>
    </ClInclude>
    <ClInclude Include="..\..\..\source\util\rand\IsaacRand.h">
      <Filter>util\rand</Filter>
    </ClInclude>
    <ClInclude Include="..\..\..\source\util\rand\RandomNums.h">
      <Filter>util\rand</Filter>
    </ClInclude>
    <ClInclude Include="..\..\..\source\util\rand\Distributions.h">
      <Filter>util\rand</Filter>
    </ClInclude>
    <ClInclude Include="..\..\..\resources\resource.h">
      <Filter>resources</Filter>
    </ClInclude>
    <ClInclude Include="..\..\..\source\Constants.h" />
    <ClInclude Include="..\..\..\source\Population.h" />
    <ClInclude Include="..\..\..\source\PopulationParams.h" />
    <ClInclude Include="..\..\..\source\Sim.h" />
    <ClInclude Include="..\..\..\source\statistics\BucketCounter.h">
      <Filter>statistics</Filter>
    </ClInclude>
    <ClInclude Include="..\..\..\source\statistics\ArtRolloutTracker.h">
      <Filter>statistics</Filter>
    </ClInclude>
    <ClInclude Include="..\..\..\source\statistics\TabularOutput.h">
      <Filter>statistics</Filter>
    </ClInclude>
    <ClInclude Include="..\..\..\source\util\sqlite\sqlite3ext.h">
      <Filter>util\sqlite</Filter>
    </ClInclude>
    <ClInclude Include="..\..\..\source\util\sqlite\sqlite3.h">
      <Filter>util\sqlite</Filter>
    </ClInclude>
  </ItemGroup>
  <ItemGroup>
    <ResourceCompile Include="..\..\..\resources\resource.rc">
      <Filter>resources</Filter>
    </ResourceCompile>
  </ItemGroup>
  <ItemGroup>
    <None Include="..\..\..\resources\trans1.ico">
      <Filter>resources</Filter>
    </None>
  </ItemGroup>
</Project>