
Microsoft Visual Studio Solution File, Format Version 12.00
# Visual Studio Express 2013 for Windows Desktop
VisualStudioVersion = 12.0.30110.0
MinimumVisualStudioVersion = 10.0.40219.1
Project("{8BC9CEB8-8B4A-11D0-8D11-00A0C91BC942}") = "cepac", "cepac\cepac.vcxproj", "{51C7E2DB-A80C-4CF7-B741-7ED60E361CFD}"
EndProject
Project("{8BC9CEB8-8B4A-11D0-8D11-00A0C91BC942}") = "transm", "transm\transm.vcxproj", "{DEC9AC53-5217-490A-8FCB-CA552F7E6112}"
EndProject
Project("{8BC9CEB8-8B4A-11D0-8D11-00A0C91BC942}") = "transm.gui", "transm.gui\transm.gui.vcxproj", "{8C6C2499-79CA-49B6-813C-65B31A3AF1CD}"
EndProject
Project("{8BC9CEB8-8B4A-11D0-8D11-00A0C91BC942}") = "transm.test", "transm.test\transm.test.vcxproj", "{4562F51A-A950-4B82-8872-16C57801DB56}"
EndProject
Project("{FAE04EC0-301F-11D3-BF4B-00C04F79EFBC}") = "transm.gui3", "transm.gui3\transm.gui3.csproj", "{AD144BA3-FF08-4854-89CF-1B830A3EBBA5}"
EndProject
Project("{8BC9CEB8-8B4A-11D0-8D11-00A0C91BC942}") = "transm.wrapper", "transm.wrapper\transm.wrapper.vcxproj", "{DE4BBC33-3EF7-4607-9D02-57F1D12EE366}"
EndProject
Project("{8BC9CEB8-8B4A-11D0-8D11-00A0C91BC942}") = "transm.cli", "transm.cli\transm.cli.vcxproj", "{55EBC133-869F-4F48-9FA4-2221E67BE9C6}"
EndProject
Project("{8BC9CEB8-8B4A-11D0-8D11-00A0C91BC942}") = "transm2", "transm2\transm2.vcxproj", "{A407B9DC-F1D0-44D3-BA28-5692DC5053FF}"
EndProject
Global
	GlobalSection(SolutionConfigurationPlatforms) = preSolution
		Debug (CLI)|x64 = Debug (CLI)|x64
		Debug (CLI)|x86 = Debug (CLI)|x86
		Debug (GUI)|x64 = Debug (GUI)|x64
		Debug (GUI)|x86 = Debug (GUI)|x86
		Release (CLI)|x64 = Release (CLI)|x64
		Release (CLI)|x86 = Release (CLI)|x86
		Release (GUI)|x64 = Release (GUI)|x64
		Release (GUI)|x86 = Release (GUI)|x86
		Test|x64 = Test|x64
		Test|x86 = Test|x86
	EndGlobalSection
	GlobalSection(ProjectConfigurationPlatforms) = postSolution
		{51C7E2DB-A80C-4CF7-B741-7ED60E361CFD}.Debug (CLI)|x64.ActiveCfg = Debug (CLI)|x64
		{51C7E2DB-A80C-4CF7-B741-7ED60E361CFD}.Debug (CLI)|x64.Build.0 = Debug (CLI)|x64
		{51C7E2DB-A80C-4CF7-B741-7ED60E361CFD}.Debug (CLI)|x86.ActiveCfg = Debug (CLI)|Win32
		{51C7E2DB-A80C-4CF7-B741-7ED60E361CFD}.Debug (CLI)|x86.Build.0 = Debug (CLI)|Win32
		{51C7E2DB-A80C-4CF7-B741-7ED60E361CFD}.Debug (GUI)|x64.ActiveCfg = Debug|x64
		{51C7E2DB-A80C-4CF7-B741-7ED60E361CFD}.Debug (GUI)|x64.Build.0 = Debug|x64
		{51C7E2DB-A80C-4CF7-B741-7ED60E361CFD}.Debug (GUI)|x86.ActiveCfg = Debug (CLI)|Win32
		{51C7E2DB-A80C-4CF7-B741-7ED60E361CFD}.Debug (GUI)|x86.Build.0 = Debug (CLI)|Win32
		{51C7E2DB-A80C-4CF7-B741-7ED60E361CFD}.Release (CLI)|x64.ActiveCfg = Release (CLI)|x64
		{51C7E2DB-A80C-4CF7-B741-7ED60E361CFD}.Release (CLI)|x64.Build.0 = Release (CLI)|x64
		{51C7E2DB-A80C-4CF7-B741-7ED60E361CFD}.Release (CLI)|x86.ActiveCfg = Release (CLI)|Win32
		{51C7E2DB-A80C-4CF7-B741-7ED60E361CFD}.Release (CLI)|x86.Build.0 = Release (CLI)|Win32
		{51C7E2DB-A80C-4CF7-B741-7ED60E361CFD}.Release (GUI)|x64.ActiveCfg = Release|x64
		{51C7E2DB-A80C-4CF7-B741-7ED60E361CFD}.Release (GUI)|x64.Build.0 = Release|x64
		{51C7E2DB-A80C-4CF7-B741-7ED60E361CFD}.Release (GUI)|x86.ActiveCfg = Release (CLI)|Win32
		{51C7E2DB-A80C-4CF7-B741-7ED60E361CFD}.Release (GUI)|x86.Build.0 = Release (CLI)|Win32
		{51C7E2DB-A80C-4CF7-B741-7ED60E361CFD}.Test|x64.ActiveCfg = Test|x64
		{51C7E2DB-A80C-4CF7-B741-7ED60E361CFD}.Test|x64.Build.0 = Test|x64
		{51C7E2DB-A80C-4CF7-B741-7ED60E361CFD}.Test|x86.ActiveCfg = Test|Win32
		{51C7E2DB-A80C-4CF7-B741-7ED60E361CFD}.Test|x86.Build.0 = Test|Win32
		{DEC9AC53-5217-490A-8FCB-CA552F7E6112}.Debug (CLI)|x64.ActiveCfg = Debug (CLI)|x64
		{DEC9AC53-5217-490A-8FCB-CA552F7E6112}.Debug (CLI)|x64.Build.0 = Debug (CLI)|x64
		{DEC9AC53-5217-490A-8FCB-CA552F7E6112}.Debug (CLI)|x86.ActiveCfg = Debug (CLI)|Win32
		{DEC9AC53-5217-490A-8FCB-CA552F7E6112}.Debug (CLI)|x86.Build.0 = Debug (CLI)|Win32
		{DEC9AC53-5217-490A-8FCB-CA552F7E6112}.Debug (GUI)|x64.ActiveCfg = Debug|x64
		{DEC9AC53-5217-490A-8FCB-CA552F7E6112}.Debug (GUI)|x64.Build.0 = Debug|x64
		{DEC9AC53-5217-490A-8FCB-CA552F7E6112}.Debug (GUI)|x86.ActiveCfg = Debug (CLI)|Win32
		{DEC9AC53-5217-490A-8FCB-CA552F7E6112}.Debug (GUI)|x86.Build.0 = Debug (CLI)|Win32
		{DEC9AC53-5217-490A-8FCB-CA552F7E6112}.Release (CLI)|x64.ActiveCfg = Release (CLI)|x64
		{DEC9AC53-5217-490A-8FCB-CA552F7E6112}.Release (CLI)|x64.Build.0 = Release (CLI)|x64
		{DEC9AC53-5217-490A-8FCB-CA552F7E6112}.Release (CLI)|x86.ActiveCfg = Release (CLI)|Win32
		{DEC9AC53-5217-490A-8FCB-CA552F7E6112}.Release (CLI)|x86.Build.0 = Release (CLI)|Win32
		{DEC9AC53-5217-490A-8FCB-CA552F7E6112}.Release (GUI)|x64.ActiveCfg = Release|x64
		{DEC9AC53-5217-490A-8FCB-CA552F7E6112}.Release (GUI)|x64.Build.0 = Release|x64
		{DEC9AC53-5217-490A-8FCB-CA552F7E6112}.Release (GUI)|x86.ActiveCfg = Release (CLI)|Win32
		{DEC9AC53-5217-490A-8FCB-CA552F7E6112}.Release (GUI)|x86.Build.0 = Release (CLI)|Win32
		{DEC9AC53-5217-490A-8FCB-CA552F7E6112}.Test|x64.ActiveCfg = Test|x64
		{DEC9AC53-5217-490A-8FCB-CA552F7E6112}.Test|x64.Build.0 = Test|x64
		{DEC9AC53-5217-490A-8FCB-CA552F7E6112}.Test|x86.ActiveCfg = Test|Win32
		{DEC9AC53-5217-490A-8FCB-CA552F7E6112}.Test|x86.Build.0 = Test|Win32
		{8C6C2499-79CA-49B6-813C-65B31A3AF1CD}.Debug (CLI)|x64.ActiveCfg = Debug (CLI)|x64
		{8C6C2499-79CA-49B6-813C-65B31A3AF1CD}.Debug (CLI)|x86.ActiveCfg = Debug (CLI)|Win32
		{8C6C2499-79CA-49B6-813C-65B31A3AF1CD}.Debug (GUI)|x64.ActiveCfg = Debug|x64
		{8C6C2499-79CA-49B6-813C-65B31A3AF1CD}.Debug (GUI)|x64.Build.0 = Debug|x64
		{8C6C2499-79CA-49B6-813C-65B31A3AF1CD}.Debug (GUI)|x86.ActiveCfg = Debug (CLI)|Win32
		{8C6C2499-79CA-49B6-813C-65B31A3AF1CD}.Debug (GUI)|x86.Build.0 = Debug (CLI)|Win32
		{8C6C2499-79CA-49B6-813C-65B31A3AF1CD}.Release (CLI)|x64.ActiveCfg = Release (CLI)|x64
		{8C6C2499-79CA-49B6-813C-65B31A3AF1CD}.Release (CLI)|x86.ActiveCfg = Release (CLI)|Win32
		{8C6C2499-79CA-49B6-813C-65B31A3AF1CD}.Release (GUI)|x64.ActiveCfg = Release|x64
		{8C6C2499-79CA-49B6-813C-65B31A3AF1CD}.Release (GUI)|x86.ActiveCfg = Release (CLI)|Win32
		{8C6C2499-79CA-49B6-813C-65B31A3AF1CD}.Release (GUI)|x86.Build.0 = Release (CLI)|Win32
		{8C6C2499-79CA-49B6-813C-65B31A3AF1CD}.Test|x64.ActiveCfg = Test|x64
		{8C6C2499-79CA-49B6-813C-65B31A3AF1CD}.Test|x86.ActiveCfg = Test|Win32
		{4562F51A-A950-4B82-8872-16C57801DB56}.Debug (CLI)|x64.ActiveCfg = Debug (CLI)|x64
		{4562F51A-A950-4B82-8872-16C57801DB56}.Debug (CLI)|x86.ActiveCfg = Debug (CLI)|Win32
		{4562F51A-A950-4B82-8872-16C57801DB56}.Debug (GUI)|x64.ActiveCfg = Debug|x64
		{4562F51A-A950-4B82-8872-16C57801DB56}.Debug (GUI)|x86.ActiveCfg = Debug (CLI)|Win32
		{4562F51A-A950-4B82-8872-16C57801DB56}.Release (CLI)|x64.ActiveCfg = Release (CLI)|x64
		{4562F51A-A950-4B82-8872-16C57801DB56}.Release (CLI)|x86.ActiveCfg = Release (CLI)|Win32
		{4562F51A-A950-4B82-8872-16C57801DB56}.Release (GUI)|x64.ActiveCfg = Release|x64
		{4562F51A-A950-4B82-8872-16C57801DB56}.Release (GUI)|x86.ActiveCfg = Release (CLI)|Win32
		{4562F51A-A950-4B82-8872-16C57801DB56}.Test|x64.ActiveCfg = Test|x64
		{4562F51A-A950-4B82-8872-16C57801DB56}.Test|x64.Build.0 = Test|x64
		{4562F51A-A950-4B82-8872-16C57801DB56}.Test|x86.ActiveCfg = Test|Win32
		{4562F51A-A950-4B82-8872-16C57801DB56}.Test|x86.Build.0 = Test|Win32
		{AD144BA3-FF08-4854-89CF-1B830A3EBBA5}.Debug (CLI)|x64.ActiveCfg = Debug (CLI)|x64
		{AD144BA3-FF08-4854-89CF-1B830A3EBBA5}.Debug (CLI)|x86.ActiveCfg = Debug|x86
		{AD144BA3-FF08-4854-89CF-1B830A3EBBA5}.Debug (GUI)|x64.ActiveCfg = Debug|x64
		{AD144BA3-FF08-4854-89CF-1B830A3EBBA5}.Debug (GUI)|x86.ActiveCfg = Debug (CLI)|x86
		{AD144BA3-FF08-4854-89CF-1B830A3EBBA5}.Release (CLI)|x64.ActiveCfg = Release (CLI)|x64
		{AD144BA3-FF08-4854-89CF-1B830A3EBBA5}.Release (CLI)|x86.ActiveCfg = Release (CLI)|x86
		{AD144BA3-FF08-4854-89CF-1B830A3EBBA5}.Release (GUI)|x64.ActiveCfg = Release|x64
		{AD144BA3-FF08-4854-89CF-1B830A3EBBA5}.Release (GUI)|x86.ActiveCfg = Release (CLI)|x86
		{AD144BA3-FF08-4854-89CF-1B830A3EBBA5}.Test|x64.ActiveCfg = Test|x64
		{AD144BA3-FF08-4854-89CF-1B830A3EBBA5}.Test|x86.ActiveCfg = Test|x86
		{DE4BBC33-3EF7-4607-9D02-57F1D12EE366}.Debug (CLI)|x64.ActiveCfg = Debug (CLI)|x64
		{DE4BBC33-3EF7-4607-9D02-57F1D12EE366}.Debug (CLI)|x86.ActiveCfg = Debug (CLI)|Win32
		{DE4BBC33-3EF7-4607-9D02-57F1D12EE366}.Debug (GUI)|x64.ActiveCfg = Debug|x64
		{DE4BBC33-3EF7-4607-9D02-57F1D12EE366}.Debug (GUI)|x86.ActiveCfg = Debug (CLI)|Win32
		{DE4BBC33-3EF7-4607-9D02-57F1D12EE366}.Release (CLI)|x64.ActiveCfg = Release (CLI)|x64
		{DE4BBC33-3EF7-4607-9D02-57F1D12EE366}.Release (CLI)|x86.ActiveCfg = Release (CLI)|Win32
		{DE4BBC33-3EF7-4607-9D02-57F1D12EE366}.Release (GUI)|x64.ActiveCfg = Release|x64
		{DE4BBC33-3EF7-4607-9D02-57F1D12EE366}.Release (GUI)|x86.ActiveCfg = Release (CLI)|Win32
		{DE4BBC33-3EF7-4607-9D02-57F1D12EE366}.Test|x64.ActiveCfg = Test|x64
		{DE4BBC33-3EF7-4607-9D02-57F1D12EE366}.Test|x86.ActiveCfg = Test|Win32
		{55EBC133-869F-4F48-9FA4-2221E67BE9C6}.Debug (CLI)|x64.ActiveCfg = Debug (CLI)|x64
		{55EBC133-869F-4F48-9FA4-2221E67BE9C6}.Debug (CLI)|x64.Build.0 = Debug (CLI)|x64
		{55EBC133-869F-4F48-9FA4-2221E67BE9C6}.Debug (CLI)|x86.ActiveCfg = Debug (CLI)|Win32
		{55EBC133-869F-4F48-9FA4-2221E67BE9C6}.Debug (CLI)|x86.Build.0 = Debug (CLI)|Win32
		{55EBC133-869F-4F48-9FA4-2221E67BE9C6}.Debug (GUI)|x64.ActiveCfg = Debug|x64
		{55EBC133-869F-4F48-9FA4-2221E67BE9C6}.Debug (GUI)|x86.ActiveCfg = Debug (CLI)|Win32
		{55EBC133-869F-4F48-9FA4-2221E67BE9C6}.Release (CLI)|x64.ActiveCfg = Release (CLI)|x64
		{55EBC133-869F-4F48-9FA4-2221E67BE9C6}.Release (CLI)|x64.Build.0 = Release (CLI)|x64
		{55EBC133-869F-4F48-9FA4-2221E67BE9C6}.Release (CLI)|x86.ActiveCfg = Release (CLI)|Win32
		{55EBC133-869F-4F48-9FA4-2221E67BE9C6}.Release (CLI)|x86.Build.0 = Release (CLI)|Win32
		{55EBC133-869F-4F48-9FA4-2221E67BE9C6}.Release (GUI)|x64.ActiveCfg = Release|x64
		{55EBC133-869F-4F48-9FA4-2221E67BE9C6}.Release (GUI)|x64.Build.0 = Release|x64
		{55EBC133-869F-4F48-9FA4-2221E67BE9C6}.Release (GUI)|x86.ActiveCfg = Release (CLI)|Win32
		{55EBC133-869F-4F48-9FA4-2221E67BE9C6}.Test|x64.ActiveCfg = Test|x64
		{55EBC133-869F-4F48-9FA4-2221E67BE9C6}.Test|x86.ActiveCfg = Test|Win32
		{A407B9DC-F1D0-44D3-BA28-5692DC5053FF}.Debug (CLI)|x64.ActiveCfg = Debug (CLI)|x64
		{A407B9DC-F1D0-44D3-BA28-5692DC5053FF}.Debug (CLI)|x86.ActiveCfg = Debug (CLI)|Win32
		{A407B9DC-F1D0-44D3-BA28-5692DC5053FF}.Debug (GUI)|x64.ActiveCfg = Debug|x64
		{A407B9DC-F1D0-44D3-BA28-5692DC5053FF}.Debug (GUI)|x86.ActiveCfg = Debug (CLI)|Win32
		{A407B9DC-F1D0-44D3-BA28-5692DC5053FF}.Release (CLI)|x64.ActiveCfg = Release (CLI)|x64
		{A407B9DC-F1D0-44D3-BA28-5692DC5053FF}.Release (CLI)|x86.ActiveCfg = Release (CLI)|Win32
		{A407B9DC-F1D0-44D3-BA28-5692DC5053FF}.Release (GUI)|x64.ActiveCfg = Release|x64
		{A407B9DC-F1D0-44D3-BA28-5692DC5053FF}.Release (GUI)|x86.ActiveCfg = Release (CLI)|Win32
		{A407B9DC-F1D0-44D3-BA28-5692DC5053FF}.Test|x64.ActiveCfg = Test|x64
		{A407B9DC-F1D0-44D3-BA28-5692DC5053FF}.Test|x86.ActiveCfg = Test|Win32
	EndGlobalSection
	GlobalSection(SolutionProperties) = preSolution
		HideSolutionNode = FALSE
	EndGlobalSection
EndGlobal
